// !$*UTF8*$!
{
	archiveVersion = 1;
	classes = {
	};
	objectVersion = 46;
	objects = {

/* Begin PBXAggregateTarget section */
		"CrowdinSDK::CrowdinSDKPackageTests::ProductTarget" /* CrowdinSDKPackageTests */ = {
			isa = PBXAggregateTarget;
			buildConfigurationList = OBJ_344 /* Build configuration list for PBXAggregateTarget "CrowdinSDKPackageTests" */;
			buildPhases = (
			);
			dependencies = (
				OBJ_347 /* PBXTargetDependency */,
			);
			name = CrowdinSDKPackageTests;
			productName = CrowdinSDKPackageTests;
		};
/* End PBXAggregateTarget section */

/* Begin PBXBuildFile section */
		OBJ_218 /* BaseAPI.swift in Sources */ = {isa = PBXBuildFile; fileRef = OBJ_10 /* BaseAPI.swift */; };
		OBJ_219 /* CharacterSet.swift in Sources */ = {isa = PBXBuildFile; fileRef = OBJ_12 /* CharacterSet.swift */; };
		OBJ_220 /* URLSession.swift in Sources */ = {isa = PBXBuildFile; fileRef = OBJ_13 /* URLSession.swift */; };
		OBJ_221 /* Request.swift in Sources */ = {isa = PBXBuildFile; fileRef = OBJ_14 /* Request.swift */; };
		OBJ_222 /* RequestHeaderFields.swift in Sources */ = {isa = PBXBuildFile; fileRef = OBJ_15 /* RequestHeaderFields.swift */; };
		OBJ_223 /* RequestMethod.swift in Sources */ = {isa = PBXBuildFile; fileRef = OBJ_16 /* RequestMethod.swift */; };
		OBJ_224 /* ResponsetHeaderFields.swift in Sources */ = {isa = PBXBuildFile; fileRef = OBJ_17 /* ResponsetHeaderFields.swift */; };
		OBJ_225 /* CrowdinContentDeliveryAPI.swift in Sources */ = {isa = PBXBuildFile; fileRef = OBJ_19 /* CrowdinContentDeliveryAPI.swift */; };
		OBJ_226 /* ManifestResponse.swift in Sources */ = {isa = PBXBuildFile; fileRef = OBJ_21 /* ManifestResponse.swift */; };
		OBJ_227 /* DownloadOperation.swift in Sources */ = {isa = PBXBuildFile; fileRef = OBJ_23 /* DownloadOperation.swift */; };
		OBJ_228 /* DataParser.swift in Sources */ = {isa = PBXBuildFile; fileRef = OBJ_25 /* DataParser.swift */; };
		OBJ_229 /* CrowdinAPI.swift in Sources */ = {isa = PBXBuildFile; fileRef = OBJ_26 /* CrowdinAPI.swift */; };
		OBJ_230 /* DistributionsAPI.swift in Sources */ = {isa = PBXBuildFile; fileRef = OBJ_28 /* DistributionsAPI.swift */; };
		OBJ_231 /* DistributionsResponse.swift in Sources */ = {isa = PBXBuildFile; fileRef = OBJ_30 /* DistributionsResponse.swift */; };
		OBJ_232 /* LoginAPI.swift in Sources */ = {isa = PBXBuildFile; fileRef = OBJ_32 /* LoginAPI.swift */; };
		OBJ_233 /* RefreshTokenRequest.swift in Sources */ = {isa = PBXBuildFile; fileRef = OBJ_34 /* RefreshTokenRequest.swift */; };
		OBJ_234 /* TokenRequest.swift in Sources */ = {isa = PBXBuildFile; fileRef = OBJ_35 /* TokenRequest.swift */; };
		OBJ_235 /* TokenResponse.swift in Sources */ = {isa = PBXBuildFile; fileRef = OBJ_36 /* TokenResponse.swift */; };
		OBJ_236 /* ProjectDetailsResponse.swift in Sources */ = {isa = PBXBuildFile; fileRef = OBJ_39 /* ProjectDetailsResponse.swift */; };
		OBJ_237 /* DownloadProjectInfoOperation.swift in Sources */ = {isa = PBXBuildFile; fileRef = OBJ_41 /* DownloadProjectInfoOperation.swift */; };
		OBJ_238 /* ProjectAPI.swift in Sources */ = {isa = PBXBuildFile; fileRef = OBJ_42 /* ProjectAPI.swift */; };
		OBJ_239 /* CreateScreenshotRequest.swift in Sources */ = {isa = PBXBuildFile; fileRef = OBJ_45 /* CreateScreenshotRequest.swift */; };
		OBJ_240 /* CreateScreenshotResponse.swift in Sources */ = {isa = PBXBuildFile; fileRef = OBJ_46 /* CreateScreenshotResponse.swift */; };
		OBJ_241 /* CreateScreenshotTagRequest.swift in Sources */ = {isa = PBXBuildFile; fileRef = OBJ_48 /* CreateScreenshotTagRequest.swift */; };
		OBJ_242 /* CreateScreenshotTagResponse.swift in Sources */ = {isa = PBXBuildFile; fileRef = OBJ_49 /* CreateScreenshotTagResponse.swift */; };
		OBJ_243 /* ScreenshotsAPI.swift in Sources */ = {isa = PBXBuildFile; fileRef = OBJ_50 /* ScreenshotsAPI.swift */; };
		OBJ_244 /* ActionRequest.swift in Sources */ = {isa = PBXBuildFile; fileRef = OBJ_53 /* ActionRequest.swift */; };
		OBJ_245 /* TopSuggestionResponse.swift in Sources */ = {isa = PBXBuildFile; fileRef = OBJ_54 /* TopSuggestionResponse.swift */; };
		OBJ_246 /* UpdateDraftResponse.swift in Sources */ = {isa = PBXBuildFile; fileRef = OBJ_55 /* UpdateDraftResponse.swift */; };
		OBJ_247 /* SocketAPI.swift in Sources */ = {isa = PBXBuildFile; fileRef = OBJ_56 /* SocketAPI.swift */; };
		OBJ_248 /* StorageUploadResponse.swift in Sources */ = {isa = PBXBuildFile; fileRef = OBJ_59 /* StorageUploadResponse.swift */; };
		OBJ_249 /* StorageAPI.swift in Sources */ = {isa = PBXBuildFile; fileRef = OBJ_60 /* StorageAPI.swift */; };
		OBJ_250 /* SupportedLanguagesResponse.swift in Sources */ = {isa = PBXBuildFile; fileRef = OBJ_63 /* SupportedLanguagesResponse.swift */; };
		OBJ_251 /* DownloadSupportedLanguagesOperation.swift in Sources */ = {isa = PBXBuildFile; fileRef = OBJ_65 /* DownloadSupportedLanguagesOperation.swift */; };
		OBJ_252 /* SupportedLanguagesAPI.swift in Sources */ = {isa = PBXBuildFile; fileRef = OBJ_66 /* SupportedLanguagesAPI.swift */; };
		OBJ_253 /* Constants.swift in Sources */ = {isa = PBXBuildFile; fileRef = OBJ_68 /* Constants.swift */; };
		OBJ_254 /* CrowdinSDK.swift in Sources */ = {isa = PBXBuildFile; fileRef = OBJ_69 /* CrowdinSDK.swift */; };
		OBJ_255 /* CrowdinSDKConfig.swift in Sources */ = {isa = PBXBuildFile; fileRef = OBJ_70 /* CrowdinSDKConfig.swift */; };
		OBJ_256 /* CrowdinTester.swift in Sources */ = {isa = PBXBuildFile; fileRef = OBJ_71 /* CrowdinTester.swift */; };
		OBJ_257 /* Bundle+Application.swift in Sources */ = {isa = PBXBuildFile; fileRef = OBJ_74 /* Bundle+Application.swift */; };
		OBJ_258 /* Bundle+Crowdin.swift in Sources */ = {isa = PBXBuildFile; fileRef = OBJ_75 /* Bundle+Crowdin.swift */; };
		OBJ_259 /* Bundle+Language.swift in Sources */ = {isa = PBXBuildFile; fileRef = OBJ_76 /* Bundle+Language.swift */; };
		OBJ_260 /* Bundle+Swizzle.swift in Sources */ = {isa = PBXBuildFile; fileRef = OBJ_77 /* Bundle+Swizzle.swift */; };
		OBJ_261 /* Dictionary.swift in Sources */ = {isa = PBXBuildFile; fileRef = OBJ_78 /* Dictionary.swift */; };
		OBJ_262 /* Locale.swift in Sources */ = {isa = PBXBuildFile; fileRef = OBJ_79 /* Locale.swift */; };
		OBJ_263 /* String.swift in Sources */ = {isa = PBXBuildFile; fileRef = OBJ_80 /* String.swift */; };
		OBJ_264 /* UIButton+Swizzle.swift in Sources */ = {isa = PBXBuildFile; fileRef = OBJ_81 /* UIButton+Swizzle.swift */; };
		OBJ_265 /* UILabel+Swizzle.swift in Sources */ = {isa = PBXBuildFile; fileRef = OBJ_82 /* UILabel+Swizzle.swift */; };
		OBJ_266 /* UIViewController.swift in Sources */ = {isa = PBXBuildFile; fileRef = OBJ_83 /* UIViewController.swift */; };
		OBJ_267 /* UIWindow.swift in Sources */ = {isa = PBXBuildFile; fileRef = OBJ_84 /* UIWindow.swift */; };
		OBJ_268 /* UserDefaults.swift in Sources */ = {isa = PBXBuildFile; fileRef = OBJ_85 /* UserDefaults.swift */; };
		OBJ_269 /* CrowdinFolder.swift in Sources */ = {isa = PBXBuildFile; fileRef = OBJ_87 /* CrowdinFolder.swift */; };
		OBJ_270 /* CustomBundle.swift in Sources */ = {isa = PBXBuildFile; fileRef = OBJ_89 /* CustomBundle.swift */; };
		OBJ_271 /* DocumentsFolder.swift in Sources */ = {isa = PBXBuildFile; fileRef = OBJ_90 /* DocumentsFolder.swift */; };
		OBJ_272 /* File.swift in Sources */ = {isa = PBXBuildFile; fileRef = OBJ_91 /* File.swift */; };
		OBJ_273 /* FileStatus.swift in Sources */ = {isa = PBXBuildFile; fileRef = OBJ_92 /* FileStatus.swift */; };
		OBJ_274 /* FileType.swift in Sources */ = {isa = PBXBuildFile; fileRef = OBJ_93 /* FileType.swift */; };
		OBJ_275 /* Folder.swift in Sources */ = {isa = PBXBuildFile; fileRef = OBJ_94 /* Folder.swift */; };
		OBJ_276 /* ReadWriteProtocol.swift in Sources */ = {isa = PBXBuildFile; fileRef = OBJ_95 /* ReadWriteProtocol.swift */; };
		OBJ_277 /* CrowdinDownloader.swift in Sources */ = {isa = PBXBuildFile; fileRef = OBJ_98 /* CrowdinDownloader.swift */; };
		OBJ_278 /* CrowdinLocalizationDownloader.swift in Sources */ = {isa = PBXBuildFile; fileRef = OBJ_99 /* CrowdinLocalizationDownloader.swift */; };
		OBJ_279 /* LocalizationExtractor.swift in Sources */ = {isa = PBXBuildFile; fileRef = OBJ_101 /* LocalizationExtractor.swift */; };
		OBJ_280 /* Localization.swift in Sources */ = {isa = PBXBuildFile; fileRef = OBJ_102 /* Localization.swift */; };
		OBJ_281 /* LocalizationUpdateObserver.swift in Sources */ = {isa = PBXBuildFile; fileRef = OBJ_103 /* LocalizationUpdateObserver.swift */; };
		OBJ_282 /* InBundleLocalizationStorage.swift in Sources */ = {isa = PBXBuildFile; fileRef = OBJ_105 /* InBundleLocalizationStorage.swift */; };
		OBJ_283 /* LocalLocalizationStorage.swift in Sources */ = {isa = PBXBuildFile; fileRef = OBJ_106 /* LocalLocalizationStorage.swift */; };
		OBJ_284 /* LocalizationDataSource.swift in Sources */ = {isa = PBXBuildFile; fileRef = OBJ_107 /* LocalizationDataSource.swift */; };
		OBJ_285 /* LocalizationProvider.swift in Sources */ = {isa = PBXBuildFile; fileRef = OBJ_108 /* LocalizationProvider.swift */; };
		OBJ_286 /* LocalizationStorage.swift in Sources */ = {isa = PBXBuildFile; fileRef = OBJ_109 /* LocalizationStorage.swift */; };
		OBJ_287 /* RemoteLocalizationStorage.swift in Sources */ = {isa = PBXBuildFile; fileRef = OBJ_110 /* RemoteLocalizationStorage.swift */; };
		OBJ_288 /* StringParam.swift in Sources */ = {isa = PBXBuildFile; fileRef = OBJ_112 /* StringParam.swift */; };
		OBJ_289 /* Atomic.swift in Sources */ = {isa = PBXBuildFile; fileRef = OBJ_114 /* Atomic.swift */; };
		OBJ_290 /* ObjectAssociation.swift in Sources */ = {isa = PBXBuildFile; fileRef = OBJ_115 /* ObjectAssociation.swift */; };
		OBJ_291 /* AsyncOperation.swift in Sources */ = {isa = PBXBuildFile; fileRef = OBJ_117 /* AsyncOperation.swift */; };
		OBJ_292 /* BlockAsyncOperation.swift in Sources */ = {isa = PBXBuildFile; fileRef = OBJ_118 /* BlockAsyncOperation.swift */; };
		OBJ_293 /* CrowdinSDK+IntervalUpdate.swift in Sources */ = {isa = PBXBuildFile; fileRef = OBJ_121 /* CrowdinSDK+IntervalUpdate.swift */; };
		OBJ_294 /* CrowdinSDKConfig+IntervalUpdate.swift in Sources */ = {isa = PBXBuildFile; fileRef = OBJ_122 /* CrowdinSDKConfig+IntervalUpdate.swift */; };
		OBJ_295 /* IntervalUpdateFeature.swift in Sources */ = {isa = PBXBuildFile; fileRef = OBJ_123 /* IntervalUpdateFeature.swift */; };
		OBJ_296 /* CrowdinLoginConfig.swift in Sources */ = {isa = PBXBuildFile; fileRef = OBJ_125 /* CrowdinLoginConfig.swift */; };
		OBJ_297 /* Bundle+URLScheme.swift in Sources */ = {isa = PBXBuildFile; fileRef = OBJ_127 /* Bundle+URLScheme.swift */; };
		OBJ_298 /* CrowdinSDK+Login.swift in Sources */ = {isa = PBXBuildFile; fileRef = OBJ_128 /* CrowdinSDK+Login.swift */; };
		OBJ_299 /* CrowdinSDKConfig +Login.swift in Sources */ = {isa = PBXBuildFile; fileRef = OBJ_129 /* CrowdinSDKConfig +Login.swift */; };
		OBJ_300 /* LoginFeature.swift in Sources */ = {isa = PBXBuildFile; fileRef = OBJ_130 /* LoginFeature.swift */; };
		OBJ_301 /* CrowdinSocketManager.swift in Sources */ = {isa = PBXBuildFile; fileRef = OBJ_133 /* CrowdinSocketManager.swift */; };
		OBJ_302 /* CrowdinSDK+ReatimeUpdates.swift in Sources */ = {isa = PBXBuildFile; fileRef = OBJ_135 /* CrowdinSDK+ReatimeUpdates.swift */; };
		OBJ_303 /* CrowdinSDKConfig+RealtimeUpdates.swift in Sources */ = {isa = PBXBuildFile; fileRef = OBJ_136 /* CrowdinSDKConfig+RealtimeUpdates.swift */; };
		OBJ_304 /* UIButton+RealtimeUpdates.swift in Sources */ = {isa = PBXBuildFile; fileRef = OBJ_137 /* UIButton+RealtimeUpdates.swift */; };
		OBJ_305 /* UILabel+RealtimeUpdates.swift in Sources */ = {isa = PBXBuildFile; fileRef = OBJ_138 /* UILabel+RealtimeUpdates.swift */; };
		OBJ_306 /* RealtimeUpdateFeature.swift in Sources */ = {isa = PBXBuildFile; fileRef = OBJ_139 /* RealtimeUpdateFeature.swift */; };
		OBJ_307 /* Refreshable.swift in Sources */ = {isa = PBXBuildFile; fileRef = OBJ_140 /* Refreshable.swift */; };
		OBJ_308 /* CrowdinSDK+RefreshLocalization.swift in Sources */ = {isa = PBXBuildFile; fileRef = OBJ_142 /* CrowdinSDK+RefreshLocalization.swift */; };
		OBJ_309 /* RefreshLocalizationFeature.swift in Sources */ = {isa = PBXBuildFile; fileRef = OBJ_143 /* RefreshLocalizationFeature.swift */; };
		OBJ_310 /* CrowdinScreenshotsConfig.swift in Sources */ = {isa = PBXBuildFile; fileRef = OBJ_145 /* CrowdinScreenshotsConfig.swift */; };
		OBJ_311 /* CGRect+Validation.swift in Sources */ = {isa = PBXBuildFile; fileRef = OBJ_147 /* CGRect+Validation.swift */; };
		OBJ_312 /* CrowdinSDK+Screenshots.swift in Sources */ = {isa = PBXBuildFile; fileRef = OBJ_148 /* CrowdinSDK+Screenshots.swift */; };
		OBJ_313 /* CrowdinSDKConfig+Screenshots.swift in Sources */ = {isa = PBXBuildFile; fileRef = OBJ_149 /* CrowdinSDKConfig+Screenshots.swift */; };
		OBJ_314 /* ScreenshotFeature.swift in Sources */ = {isa = PBXBuildFile; fileRef = OBJ_150 /* ScreenshotFeature.swift */; };
		OBJ_315 /* ScreenshotInformationCollector.swift in Sources */ = {isa = PBXBuildFile; fileRef = OBJ_151 /* ScreenshotInformationCollector.swift */; };
		OBJ_316 /* ScreenshotProcessor.swift in Sources */ = {isa = PBXBuildFile; fileRef = OBJ_152 /* ScreenshotProcessor.swift */; };
		OBJ_317 /* ScreenshotUploader.swift in Sources */ = {isa = PBXBuildFile; fileRef = OBJ_153 /* ScreenshotUploader.swift */; };
		OBJ_318 /* CrowdinMappingDownloader.swift in Sources */ = {isa = PBXBuildFile; fileRef = OBJ_155 /* CrowdinMappingDownloader.swift */; };
		OBJ_319 /* CrowdinMappingManager.swift in Sources */ = {isa = PBXBuildFile; fileRef = OBJ_156 /* CrowdinMappingManager.swift */; };
		OBJ_320 /* CrowdinProviderConfig.swift in Sources */ = {isa = PBXBuildFile; fileRef = OBJ_160 /* CrowdinProviderConfig.swift */; };
		OBJ_321 /* CrowdinRemoteLocalizationStorage.swift in Sources */ = {isa = PBXBuildFile; fileRef = OBJ_161 /* CrowdinRemoteLocalizationStorage.swift */; };
		OBJ_322 /* CrowdinSDKConfig+CrowdinProvider.swift in Sources */ = {isa = PBXBuildFile; fileRef = OBJ_163 /* CrowdinSDKConfig+CrowdinProvider.swift */; };
		OBJ_323 /* String+Extensions.swift in Sources */ = {isa = PBXBuildFile; fileRef = OBJ_164 /* String+Extensions.swift */; };
		OBJ_324 /* CrowdinPathsParser.swift in Sources */ = {isa = PBXBuildFile; fileRef = OBJ_166 /* CrowdinPathsParser.swift */; };
		OBJ_325 /* CrowdinSupportedLanguages.swift in Sources */ = {isa = PBXBuildFile; fileRef = OBJ_168 /* CrowdinSupportedLanguages.swift */; };
		OBJ_326 /* Bundle+Settings.swift in Sources */ = {isa = PBXBuildFile; fileRef = OBJ_170 /* Bundle+Settings.swift */; };
		OBJ_327 /* CrowdinSDK+Settings.swift in Sources */ = {isa = PBXBuildFile; fileRef = OBJ_171 /* CrowdinSDK+Settings.swift */; };
		OBJ_328 /* CrowdinSDKConfig+Settings.swift in Sources */ = {isa = PBXBuildFile; fileRef = OBJ_172 /* CrowdinSDKConfig+Settings.swift */; };
		OBJ_329 /* SettingsItemCell.swift in Sources */ = {isa = PBXBuildFile; fileRef = OBJ_173 /* SettingsItemCell.swift */; };
		OBJ_330 /* SettingsView+Gesture.swift in Sources */ = {isa = PBXBuildFile; fileRef = OBJ_174 /* SettingsView+Gesture.swift */; };
		OBJ_331 /* SettingsView+UITableView.swift in Sources */ = {isa = PBXBuildFile; fileRef = OBJ_175 /* SettingsView+UITableView.swift */; };
		OBJ_332 /* SettingsView.swift in Sources */ = {isa = PBXBuildFile; fileRef = OBJ_176 /* SettingsView.swift */; };
		OBJ_334 /* Starscream.framework in Frameworks */ = {isa = PBXBuildFile; fileRef = "Starscream::Starscream::Product" /* Starscream.framework */; };
		OBJ_342 /* Package.swift in Sources */ = {isa = PBXBuildFile; fileRef = OBJ_6 /* Package.swift */; };
		OBJ_353 /* ConstantsTests.swift in Sources */ = {isa = PBXBuildFile; fileRef = OBJ_179 /* ConstantsTests.swift */; };
		OBJ_354 /* CrowdinSDKConfigTests.swift in Sources */ = {isa = PBXBuildFile; fileRef = OBJ_180 /* CrowdinSDKConfigTests.swift */; };
		OBJ_355 /* DictionaryTests.swift in Sources */ = {isa = PBXBuildFile; fileRef = OBJ_181 /* DictionaryTests.swift */; };
		OBJ_356 /* LocaleExtensionTests.swift in Sources */ = {isa = PBXBuildFile; fileRef = OBJ_182 /* LocaleExtensionTests.swift */; };
		OBJ_357 /* StringsTests.swift in Sources */ = {isa = PBXBuildFile; fileRef = OBJ_183 /* StringsTests.swift */; };
		OBJ_358 /* CrowdinAPITests.swift in Sources */ = {isa = PBXBuildFile; fileRef = OBJ_185 /* CrowdinAPITests.swift */; };
		OBJ_359 /* CrowdinContentDeliveryAPITests.swift in Sources */ = {isa = PBXBuildFile; fileRef = OBJ_186 /* CrowdinContentDeliveryAPITests.swift */; };
		OBJ_360 /* CrowdinLoginAPITests.swift in Sources */ = {isa = PBXBuildFile; fileRef = OBJ_187 /* CrowdinLoginAPITests.swift */; };
		OBJ_361 /* URLSessionMock.swift in Sources */ = {isa = PBXBuildFile; fileRef = OBJ_188 /* URLSessionMock.swift */; };
		OBJ_362 /* CrowdinPathsParserTests.swift in Sources */ = {isa = PBXBuildFile; fileRef = OBJ_190 /* CrowdinPathsParserTests.swift */; };
		OBJ_363 /* CrowdinProviderConfigTests.swift in Sources */ = {isa = PBXBuildFile; fileRef = OBJ_191 /* CrowdinProviderConfigTests.swift */; };
		OBJ_365 /* Starscream.framework in Frameworks */ = {isa = PBXBuildFile; fileRef = "Starscream::Starscream::Product" /* Starscream.framework */; };
		OBJ_371 /* Compression.swift in Sources */ = {isa = PBXBuildFile; fileRef = OBJ_195 /* Compression.swift */; };
		OBJ_372 /* SSLClientCertificate.swift in Sources */ = {isa = PBXBuildFile; fileRef = OBJ_196 /* SSLClientCertificate.swift */; };
		OBJ_373 /* SSLSecurity.swift in Sources */ = {isa = PBXBuildFile; fileRef = OBJ_197 /* SSLSecurity.swift */; };
		OBJ_374 /* WebSocket.swift in Sources */ = {isa = PBXBuildFile; fileRef = OBJ_198 /* WebSocket.swift */; };
		OBJ_381 /* Package.swift in Sources */ = {isa = PBXBuildFile; fileRef = OBJ_199 /* Package.swift */; };
/* End PBXBuildFile section */

/* Begin PBXContainerItemProxy section */
		E8A6D6E0238228CE00FECA34 /* PBXContainerItemProxy */ = {
			isa = PBXContainerItemProxy;
			containerPortal = OBJ_1 /* Project object */;
			proxyType = 1;
			remoteGlobalIDString = "Starscream::Starscream";
			remoteInfo = Starscream;
		};
		E8A6D6E1238228CE00FECA34 /* PBXContainerItemProxy */ = {
			isa = PBXContainerItemProxy;
			containerPortal = OBJ_1 /* Project object */;
			proxyType = 1;
			remoteGlobalIDString = "Starscream::Starscream";
			remoteInfo = Starscream;
		};
		E8A6D6E2238228CE00FECA34 /* PBXContainerItemProxy */ = {
			isa = PBXContainerItemProxy;
			containerPortal = OBJ_1 /* Project object */;
			proxyType = 1;
			remoteGlobalIDString = "CrowdinSDK::CrowdinSDKTests";
			remoteInfo = CrowdinSDKTests;
		};
/* End PBXContainerItemProxy section */

/* Begin PBXFileReference section */
		"CrowdinSDK::CrowdinSDK::Product" /* CrowdinSDK.framework */ = {isa = PBXFileReference; lastKnownFileType = wrapper.framework; path = CrowdinSDK.framework; sourceTree = BUILT_PRODUCTS_DIR; };
		"CrowdinSDK::CrowdinSDKTests::Product" /* CrowdinSDKTests.xctest */ = {isa = PBXFileReference; lastKnownFileType = file; path = CrowdinSDKTests.xctest; sourceTree = BUILT_PRODUCTS_DIR; };
		OBJ_10 /* BaseAPI.swift */ = {isa = PBXFileReference; lastKnownFileType = sourcecode.swift; path = BaseAPI.swift; sourceTree = "<group>"; };
		OBJ_101 /* LocalizationExtractor.swift */ = {isa = PBXFileReference; lastKnownFileType = sourcecode.swift; path = LocalizationExtractor.swift; sourceTree = "<group>"; };
		OBJ_102 /* Localization.swift */ = {isa = PBXFileReference; lastKnownFileType = sourcecode.swift; path = Localization.swift; sourceTree = "<group>"; };
		OBJ_103 /* LocalizationUpdateObserver.swift */ = {isa = PBXFileReference; lastKnownFileType = sourcecode.swift; path = LocalizationUpdateObserver.swift; sourceTree = "<group>"; };
		OBJ_105 /* InBundleLocalizationStorage.swift */ = {isa = PBXFileReference; lastKnownFileType = sourcecode.swift; path = InBundleLocalizationStorage.swift; sourceTree = "<group>"; };
		OBJ_106 /* LocalLocalizationStorage.swift */ = {isa = PBXFileReference; lastKnownFileType = sourcecode.swift; path = LocalLocalizationStorage.swift; sourceTree = "<group>"; };
		OBJ_107 /* LocalizationDataSource.swift */ = {isa = PBXFileReference; lastKnownFileType = sourcecode.swift; path = LocalizationDataSource.swift; sourceTree = "<group>"; };
		OBJ_108 /* LocalizationProvider.swift */ = {isa = PBXFileReference; lastKnownFileType = sourcecode.swift; path = LocalizationProvider.swift; sourceTree = "<group>"; };
		OBJ_109 /* LocalizationStorage.swift */ = {isa = PBXFileReference; lastKnownFileType = sourcecode.swift; path = LocalizationStorage.swift; sourceTree = "<group>"; };
		OBJ_110 /* RemoteLocalizationStorage.swift */ = {isa = PBXFileReference; lastKnownFileType = sourcecode.swift; path = RemoteLocalizationStorage.swift; sourceTree = "<group>"; };
		OBJ_112 /* StringParam.swift */ = {isa = PBXFileReference; lastKnownFileType = sourcecode.swift; path = StringParam.swift; sourceTree = "<group>"; };
		OBJ_114 /* Atomic.swift */ = {isa = PBXFileReference; lastKnownFileType = sourcecode.swift; path = Atomic.swift; sourceTree = "<group>"; };
		OBJ_115 /* ObjectAssociation.swift */ = {isa = PBXFileReference; lastKnownFileType = sourcecode.swift; path = ObjectAssociation.swift; sourceTree = "<group>"; };
		OBJ_117 /* AsyncOperation.swift */ = {isa = PBXFileReference; lastKnownFileType = sourcecode.swift; path = AsyncOperation.swift; sourceTree = "<group>"; };
		OBJ_118 /* BlockAsyncOperation.swift */ = {isa = PBXFileReference; lastKnownFileType = sourcecode.swift; path = BlockAsyncOperation.swift; sourceTree = "<group>"; };
		OBJ_12 /* CharacterSet.swift */ = {isa = PBXFileReference; lastKnownFileType = sourcecode.swift; path = CharacterSet.swift; sourceTree = "<group>"; };
		OBJ_121 /* CrowdinSDK+IntervalUpdate.swift */ = {isa = PBXFileReference; lastKnownFileType = sourcecode.swift; path = "CrowdinSDK+IntervalUpdate.swift"; sourceTree = "<group>"; };
		OBJ_122 /* CrowdinSDKConfig+IntervalUpdate.swift */ = {isa = PBXFileReference; lastKnownFileType = sourcecode.swift; path = "CrowdinSDKConfig+IntervalUpdate.swift"; sourceTree = "<group>"; };
		OBJ_123 /* IntervalUpdateFeature.swift */ = {isa = PBXFileReference; lastKnownFileType = sourcecode.swift; path = IntervalUpdateFeature.swift; sourceTree = "<group>"; };
		OBJ_125 /* CrowdinLoginConfig.swift */ = {isa = PBXFileReference; lastKnownFileType = sourcecode.swift; path = CrowdinLoginConfig.swift; sourceTree = "<group>"; };
		OBJ_127 /* Bundle+URLScheme.swift */ = {isa = PBXFileReference; lastKnownFileType = sourcecode.swift; path = "Bundle+URLScheme.swift"; sourceTree = "<group>"; };
		OBJ_128 /* CrowdinSDK+Login.swift */ = {isa = PBXFileReference; lastKnownFileType = sourcecode.swift; path = "CrowdinSDK+Login.swift"; sourceTree = "<group>"; };
		OBJ_129 /* CrowdinSDKConfig +Login.swift */ = {isa = PBXFileReference; lastKnownFileType = sourcecode.swift; path = "CrowdinSDKConfig +Login.swift"; sourceTree = "<group>"; };
		OBJ_13 /* URLSession.swift */ = {isa = PBXFileReference; lastKnownFileType = sourcecode.swift; path = URLSession.swift; sourceTree = "<group>"; };
		OBJ_130 /* LoginFeature.swift */ = {isa = PBXFileReference; lastKnownFileType = sourcecode.swift; path = LoginFeature.swift; sourceTree = "<group>"; };
		OBJ_133 /* CrowdinSocketManager.swift */ = {isa = PBXFileReference; lastKnownFileType = sourcecode.swift; path = CrowdinSocketManager.swift; sourceTree = "<group>"; };
		OBJ_135 /* CrowdinSDK+ReatimeUpdates.swift */ = {isa = PBXFileReference; lastKnownFileType = sourcecode.swift; path = "CrowdinSDK+ReatimeUpdates.swift"; sourceTree = "<group>"; };
		OBJ_136 /* CrowdinSDKConfig+RealtimeUpdates.swift */ = {isa = PBXFileReference; lastKnownFileType = sourcecode.swift; path = "CrowdinSDKConfig+RealtimeUpdates.swift"; sourceTree = "<group>"; };
		OBJ_137 /* UIButton+RealtimeUpdates.swift */ = {isa = PBXFileReference; lastKnownFileType = sourcecode.swift; path = "UIButton+RealtimeUpdates.swift"; sourceTree = "<group>"; };
		OBJ_138 /* UILabel+RealtimeUpdates.swift */ = {isa = PBXFileReference; lastKnownFileType = sourcecode.swift; path = "UILabel+RealtimeUpdates.swift"; sourceTree = "<group>"; };
		OBJ_139 /* RealtimeUpdateFeature.swift */ = {isa = PBXFileReference; lastKnownFileType = sourcecode.swift; path = RealtimeUpdateFeature.swift; sourceTree = "<group>"; };
		OBJ_14 /* Request.swift */ = {isa = PBXFileReference; lastKnownFileType = sourcecode.swift; path = Request.swift; sourceTree = "<group>"; };
		OBJ_140 /* Refreshable.swift */ = {isa = PBXFileReference; lastKnownFileType = sourcecode.swift; path = Refreshable.swift; sourceTree = "<group>"; };
		OBJ_142 /* CrowdinSDK+RefreshLocalization.swift */ = {isa = PBXFileReference; lastKnownFileType = sourcecode.swift; path = "CrowdinSDK+RefreshLocalization.swift"; sourceTree = "<group>"; };
		OBJ_143 /* RefreshLocalizationFeature.swift */ = {isa = PBXFileReference; lastKnownFileType = sourcecode.swift; path = RefreshLocalizationFeature.swift; sourceTree = "<group>"; };
		OBJ_145 /* CrowdinScreenshotsConfig.swift */ = {isa = PBXFileReference; lastKnownFileType = sourcecode.swift; path = CrowdinScreenshotsConfig.swift; sourceTree = "<group>"; };
		OBJ_147 /* CGRect+Validation.swift */ = {isa = PBXFileReference; lastKnownFileType = sourcecode.swift; path = "CGRect+Validation.swift"; sourceTree = "<group>"; };
		OBJ_148 /* CrowdinSDK+Screenshots.swift */ = {isa = PBXFileReference; lastKnownFileType = sourcecode.swift; path = "CrowdinSDK+Screenshots.swift"; sourceTree = "<group>"; };
		OBJ_149 /* CrowdinSDKConfig+Screenshots.swift */ = {isa = PBXFileReference; lastKnownFileType = sourcecode.swift; path = "CrowdinSDKConfig+Screenshots.swift"; sourceTree = "<group>"; };
		OBJ_15 /* RequestHeaderFields.swift */ = {isa = PBXFileReference; lastKnownFileType = sourcecode.swift; path = RequestHeaderFields.swift; sourceTree = "<group>"; };
		OBJ_150 /* ScreenshotFeature.swift */ = {isa = PBXFileReference; lastKnownFileType = sourcecode.swift; path = ScreenshotFeature.swift; sourceTree = "<group>"; };
		OBJ_151 /* ScreenshotInformationCollector.swift */ = {isa = PBXFileReference; lastKnownFileType = sourcecode.swift; path = ScreenshotInformationCollector.swift; sourceTree = "<group>"; };
		OBJ_152 /* ScreenshotProcessor.swift */ = {isa = PBXFileReference; lastKnownFileType = sourcecode.swift; path = ScreenshotProcessor.swift; sourceTree = "<group>"; };
		OBJ_153 /* ScreenshotUploader.swift */ = {isa = PBXFileReference; lastKnownFileType = sourcecode.swift; path = ScreenshotUploader.swift; sourceTree = "<group>"; };
		OBJ_155 /* CrowdinMappingDownloader.swift */ = {isa = PBXFileReference; lastKnownFileType = sourcecode.swift; path = CrowdinMappingDownloader.swift; sourceTree = "<group>"; };
		OBJ_156 /* CrowdinMappingManager.swift */ = {isa = PBXFileReference; lastKnownFileType = sourcecode.swift; path = CrowdinMappingManager.swift; sourceTree = "<group>"; };
		OBJ_16 /* RequestMethod.swift */ = {isa = PBXFileReference; lastKnownFileType = sourcecode.swift; path = RequestMethod.swift; sourceTree = "<group>"; };
		OBJ_160 /* CrowdinProviderConfig.swift */ = {isa = PBXFileReference; lastKnownFileType = sourcecode.swift; path = CrowdinProviderConfig.swift; sourceTree = "<group>"; };
		OBJ_161 /* CrowdinRemoteLocalizationStorage.swift */ = {isa = PBXFileReference; lastKnownFileType = sourcecode.swift; path = CrowdinRemoteLocalizationStorage.swift; sourceTree = "<group>"; };
		OBJ_163 /* CrowdinSDKConfig+CrowdinProvider.swift */ = {isa = PBXFileReference; lastKnownFileType = sourcecode.swift; path = "CrowdinSDKConfig+CrowdinProvider.swift"; sourceTree = "<group>"; };
		OBJ_164 /* String+Extensions.swift */ = {isa = PBXFileReference; lastKnownFileType = sourcecode.swift; path = "String+Extensions.swift"; sourceTree = "<group>"; };
		OBJ_166 /* CrowdinPathsParser.swift */ = {isa = PBXFileReference; lastKnownFileType = sourcecode.swift; path = CrowdinPathsParser.swift; sourceTree = "<group>"; };
		OBJ_168 /* CrowdinSupportedLanguages.swift */ = {isa = PBXFileReference; lastKnownFileType = sourcecode.swift; path = CrowdinSupportedLanguages.swift; sourceTree = "<group>"; };
		OBJ_17 /* ResponsetHeaderFields.swift */ = {isa = PBXFileReference; lastKnownFileType = sourcecode.swift; path = ResponsetHeaderFields.swift; sourceTree = "<group>"; };
		OBJ_170 /* Bundle+Settings.swift */ = {isa = PBXFileReference; lastKnownFileType = sourcecode.swift; path = "Bundle+Settings.swift"; sourceTree = "<group>"; };
		OBJ_171 /* CrowdinSDK+Settings.swift */ = {isa = PBXFileReference; lastKnownFileType = sourcecode.swift; path = "CrowdinSDK+Settings.swift"; sourceTree = "<group>"; };
		OBJ_172 /* CrowdinSDKConfig+Settings.swift */ = {isa = PBXFileReference; lastKnownFileType = sourcecode.swift; path = "CrowdinSDKConfig+Settings.swift"; sourceTree = "<group>"; };
		OBJ_173 /* SettingsItemCell.swift */ = {isa = PBXFileReference; lastKnownFileType = sourcecode.swift; path = SettingsItemCell.swift; sourceTree = "<group>"; };
		OBJ_174 /* SettingsView+Gesture.swift */ = {isa = PBXFileReference; lastKnownFileType = sourcecode.swift; path = "SettingsView+Gesture.swift"; sourceTree = "<group>"; };
		OBJ_175 /* SettingsView+UITableView.swift */ = {isa = PBXFileReference; lastKnownFileType = sourcecode.swift; path = "SettingsView+UITableView.swift"; sourceTree = "<group>"; };
		OBJ_176 /* SettingsView.swift */ = {isa = PBXFileReference; lastKnownFileType = sourcecode.swift; path = SettingsView.swift; sourceTree = "<group>"; };
		OBJ_179 /* ConstantsTests.swift */ = {isa = PBXFileReference; lastKnownFileType = sourcecode.swift; path = ConstantsTests.swift; sourceTree = "<group>"; };
		OBJ_180 /* CrowdinSDKConfigTests.swift */ = {isa = PBXFileReference; lastKnownFileType = sourcecode.swift; path = CrowdinSDKConfigTests.swift; sourceTree = "<group>"; };
		OBJ_181 /* DictionaryTests.swift */ = {isa = PBXFileReference; lastKnownFileType = sourcecode.swift; path = DictionaryTests.swift; sourceTree = "<group>"; };
		OBJ_182 /* LocaleExtensionTests.swift */ = {isa = PBXFileReference; lastKnownFileType = sourcecode.swift; path = LocaleExtensionTests.swift; sourceTree = "<group>"; };
		OBJ_183 /* StringsTests.swift */ = {isa = PBXFileReference; lastKnownFileType = sourcecode.swift; path = StringsTests.swift; sourceTree = "<group>"; };
		OBJ_185 /* CrowdinAPITests.swift */ = {isa = PBXFileReference; lastKnownFileType = sourcecode.swift; path = CrowdinAPITests.swift; sourceTree = "<group>"; };
		OBJ_186 /* CrowdinContentDeliveryAPITests.swift */ = {isa = PBXFileReference; lastKnownFileType = sourcecode.swift; path = CrowdinContentDeliveryAPITests.swift; sourceTree = "<group>"; };
		OBJ_187 /* CrowdinLoginAPITests.swift */ = {isa = PBXFileReference; lastKnownFileType = sourcecode.swift; path = CrowdinLoginAPITests.swift; sourceTree = "<group>"; };
		OBJ_188 /* URLSessionMock.swift */ = {isa = PBXFileReference; lastKnownFileType = sourcecode.swift; path = URLSessionMock.swift; sourceTree = "<group>"; };
		OBJ_19 /* CrowdinContentDeliveryAPI.swift */ = {isa = PBXFileReference; lastKnownFileType = sourcecode.swift; path = CrowdinContentDeliveryAPI.swift; sourceTree = "<group>"; };
		OBJ_190 /* CrowdinPathsParserTests.swift */ = {isa = PBXFileReference; lastKnownFileType = sourcecode.swift; path = CrowdinPathsParserTests.swift; sourceTree = "<group>"; };
		OBJ_191 /* CrowdinProviderConfigTests.swift */ = {isa = PBXFileReference; lastKnownFileType = sourcecode.swift; path = CrowdinProviderConfigTests.swift; sourceTree = "<group>"; };
		OBJ_195 /* Compression.swift */ = {isa = PBXFileReference; lastKnownFileType = sourcecode.swift; path = Compression.swift; sourceTree = "<group>"; };
		OBJ_196 /* SSLClientCertificate.swift */ = {isa = PBXFileReference; lastKnownFileType = sourcecode.swift; path = SSLClientCertificate.swift; sourceTree = "<group>"; };
		OBJ_197 /* SSLSecurity.swift */ = {isa = PBXFileReference; lastKnownFileType = sourcecode.swift; path = SSLSecurity.swift; sourceTree = "<group>"; };
		OBJ_198 /* WebSocket.swift */ = {isa = PBXFileReference; lastKnownFileType = sourcecode.swift; path = WebSocket.swift; sourceTree = "<group>"; };
		OBJ_199 /* Package.swift */ = {isa = PBXFileReference; explicitFileType = sourcecode.swift; name = Package.swift; path = "/Users/serhii-londar/Documents/GitHub/mobile-sdk-ios/.build/checkouts/Starscream/Package.swift"; sourceTree = "<group>"; };
		OBJ_204 /* Documentation */ = {isa = PBXFileReference; lastKnownFileType = folder; path = Documentation; sourceTree = SOURCE_ROOT; };
		OBJ_205 /* ObjCExample */ = {isa = PBXFileReference; lastKnownFileType = folder; path = ObjCExample; sourceTree = SOURCE_ROOT; };
		OBJ_206 /* Example */ = {isa = PBXFileReference; lastKnownFileType = folder; path = Example; sourceTree = SOURCE_ROOT; };
		OBJ_207 /* CrowdinSDK */ = {isa = PBXFileReference; lastKnownFileType = folder; path = CrowdinSDK; sourceTree = SOURCE_ROOT; };
		OBJ_208 /* LICENSE */ = {isa = PBXFileReference; lastKnownFileType = text; path = LICENSE; sourceTree = "<group>"; };
		OBJ_209 /* CrowdinSDK.podspec */ = {isa = PBXFileReference; lastKnownFileType = text; path = CrowdinSDK.podspec; sourceTree = "<group>"; };
		OBJ_21 /* ManifestResponse.swift */ = {isa = PBXFileReference; lastKnownFileType = sourcecode.swift; path = ManifestResponse.swift; sourceTree = "<group>"; };
		OBJ_210 /* azure-pipelines.yml */ = {isa = PBXFileReference; lastKnownFileType = text.yaml; path = "azure-pipelines.yml"; sourceTree = "<group>"; };
		OBJ_211 /* README.md */ = {isa = PBXFileReference; lastKnownFileType = net.daringfireball.markdown; path = README.md; sourceTree = "<group>"; };
		OBJ_212 /* build_doc.sh */ = {isa = PBXFileReference; lastKnownFileType = text.script.sh; path = build_doc.sh; sourceTree = "<group>"; };
		OBJ_23 /* DownloadOperation.swift */ = {isa = PBXFileReference; lastKnownFileType = sourcecode.swift; path = DownloadOperation.swift; sourceTree = "<group>"; };
		OBJ_25 /* DataParser.swift */ = {isa = PBXFileReference; lastKnownFileType = sourcecode.swift; path = DataParser.swift; sourceTree = "<group>"; };
		OBJ_26 /* CrowdinAPI.swift */ = {isa = PBXFileReference; lastKnownFileType = sourcecode.swift; path = CrowdinAPI.swift; sourceTree = "<group>"; };
		OBJ_28 /* DistributionsAPI.swift */ = {isa = PBXFileReference; lastKnownFileType = sourcecode.swift; path = DistributionsAPI.swift; sourceTree = "<group>"; };
		OBJ_30 /* DistributionsResponse.swift */ = {isa = PBXFileReference; lastKnownFileType = sourcecode.swift; path = DistributionsResponse.swift; sourceTree = "<group>"; };
		OBJ_32 /* LoginAPI.swift */ = {isa = PBXFileReference; lastKnownFileType = sourcecode.swift; path = LoginAPI.swift; sourceTree = "<group>"; };
		OBJ_34 /* RefreshTokenRequest.swift */ = {isa = PBXFileReference; lastKnownFileType = sourcecode.swift; path = RefreshTokenRequest.swift; sourceTree = "<group>"; };
		OBJ_35 /* TokenRequest.swift */ = {isa = PBXFileReference; lastKnownFileType = sourcecode.swift; path = TokenRequest.swift; sourceTree = "<group>"; };
		OBJ_36 /* TokenResponse.swift */ = {isa = PBXFileReference; lastKnownFileType = sourcecode.swift; path = TokenResponse.swift; sourceTree = "<group>"; };
		OBJ_39 /* ProjectDetailsResponse.swift */ = {isa = PBXFileReference; lastKnownFileType = sourcecode.swift; path = ProjectDetailsResponse.swift; sourceTree = "<group>"; };
		OBJ_41 /* DownloadProjectInfoOperation.swift */ = {isa = PBXFileReference; lastKnownFileType = sourcecode.swift; path = DownloadProjectInfoOperation.swift; sourceTree = "<group>"; };
		OBJ_42 /* ProjectAPI.swift */ = {isa = PBXFileReference; lastKnownFileType = sourcecode.swift; path = ProjectAPI.swift; sourceTree = "<group>"; };
		OBJ_45 /* CreateScreenshotRequest.swift */ = {isa = PBXFileReference; lastKnownFileType = sourcecode.swift; path = CreateScreenshotRequest.swift; sourceTree = "<group>"; };
		OBJ_46 /* CreateScreenshotResponse.swift */ = {isa = PBXFileReference; lastKnownFileType = sourcecode.swift; path = CreateScreenshotResponse.swift; sourceTree = "<group>"; };
		OBJ_48 /* CreateScreenshotTagRequest.swift */ = {isa = PBXFileReference; lastKnownFileType = sourcecode.swift; path = CreateScreenshotTagRequest.swift; sourceTree = "<group>"; };
		OBJ_49 /* CreateScreenshotTagResponse.swift */ = {isa = PBXFileReference; lastKnownFileType = sourcecode.swift; path = CreateScreenshotTagResponse.swift; sourceTree = "<group>"; };
		OBJ_50 /* ScreenshotsAPI.swift */ = {isa = PBXFileReference; lastKnownFileType = sourcecode.swift; path = ScreenshotsAPI.swift; sourceTree = "<group>"; };
		OBJ_53 /* ActionRequest.swift */ = {isa = PBXFileReference; lastKnownFileType = sourcecode.swift; path = ActionRequest.swift; sourceTree = "<group>"; };
		OBJ_54 /* TopSuggestionResponse.swift */ = {isa = PBXFileReference; lastKnownFileType = sourcecode.swift; path = TopSuggestionResponse.swift; sourceTree = "<group>"; };
		OBJ_55 /* UpdateDraftResponse.swift */ = {isa = PBXFileReference; lastKnownFileType = sourcecode.swift; path = UpdateDraftResponse.swift; sourceTree = "<group>"; };
		OBJ_56 /* SocketAPI.swift */ = {isa = PBXFileReference; lastKnownFileType = sourcecode.swift; path = SocketAPI.swift; sourceTree = "<group>"; };
		OBJ_59 /* StorageUploadResponse.swift */ = {isa = PBXFileReference; lastKnownFileType = sourcecode.swift; path = StorageUploadResponse.swift; sourceTree = "<group>"; };
		OBJ_6 /* Package.swift */ = {isa = PBXFileReference; explicitFileType = sourcecode.swift; path = Package.swift; sourceTree = "<group>"; };
		OBJ_60 /* StorageAPI.swift */ = {isa = PBXFileReference; lastKnownFileType = sourcecode.swift; path = StorageAPI.swift; sourceTree = "<group>"; };
		OBJ_63 /* SupportedLanguagesResponse.swift */ = {isa = PBXFileReference; lastKnownFileType = sourcecode.swift; path = SupportedLanguagesResponse.swift; sourceTree = "<group>"; };
		OBJ_65 /* DownloadSupportedLanguagesOperation.swift */ = {isa = PBXFileReference; lastKnownFileType = sourcecode.swift; path = DownloadSupportedLanguagesOperation.swift; sourceTree = "<group>"; };
		OBJ_66 /* SupportedLanguagesAPI.swift */ = {isa = PBXFileReference; lastKnownFileType = sourcecode.swift; path = SupportedLanguagesAPI.swift; sourceTree = "<group>"; };
		OBJ_68 /* Constants.swift */ = {isa = PBXFileReference; lastKnownFileType = sourcecode.swift; path = Constants.swift; sourceTree = "<group>"; };
		OBJ_69 /* CrowdinSDK.swift */ = {isa = PBXFileReference; lastKnownFileType = sourcecode.swift; path = CrowdinSDK.swift; sourceTree = "<group>"; };
		OBJ_70 /* CrowdinSDKConfig.swift */ = {isa = PBXFileReference; lastKnownFileType = sourcecode.swift; path = CrowdinSDKConfig.swift; sourceTree = "<group>"; };
		OBJ_71 /* CrowdinTester.swift */ = {isa = PBXFileReference; lastKnownFileType = sourcecode.swift; path = CrowdinTester.swift; sourceTree = "<group>"; };
		OBJ_74 /* Bundle+Application.swift */ = {isa = PBXFileReference; lastKnownFileType = sourcecode.swift; path = "Bundle+Application.swift"; sourceTree = "<group>"; };
		OBJ_75 /* Bundle+Crowdin.swift */ = {isa = PBXFileReference; lastKnownFileType = sourcecode.swift; path = "Bundle+Crowdin.swift"; sourceTree = "<group>"; };
		OBJ_76 /* Bundle+Language.swift */ = {isa = PBXFileReference; lastKnownFileType = sourcecode.swift; path = "Bundle+Language.swift"; sourceTree = "<group>"; };
		OBJ_77 /* Bundle+Swizzle.swift */ = {isa = PBXFileReference; lastKnownFileType = sourcecode.swift; path = "Bundle+Swizzle.swift"; sourceTree = "<group>"; };
		OBJ_78 /* Dictionary.swift */ = {isa = PBXFileReference; lastKnownFileType = sourcecode.swift; path = Dictionary.swift; sourceTree = "<group>"; };
		OBJ_79 /* Locale.swift */ = {isa = PBXFileReference; lastKnownFileType = sourcecode.swift; path = Locale.swift; sourceTree = "<group>"; };
		OBJ_80 /* String.swift */ = {isa = PBXFileReference; lastKnownFileType = sourcecode.swift; path = String.swift; sourceTree = "<group>"; };
		OBJ_81 /* UIButton+Swizzle.swift */ = {isa = PBXFileReference; lastKnownFileType = sourcecode.swift; path = "UIButton+Swizzle.swift"; sourceTree = "<group>"; };
		OBJ_82 /* UILabel+Swizzle.swift */ = {isa = PBXFileReference; lastKnownFileType = sourcecode.swift; path = "UILabel+Swizzle.swift"; sourceTree = "<group>"; };
		OBJ_83 /* UIViewController.swift */ = {isa = PBXFileReference; lastKnownFileType = sourcecode.swift; path = UIViewController.swift; sourceTree = "<group>"; };
		OBJ_84 /* UIWindow.swift */ = {isa = PBXFileReference; lastKnownFileType = sourcecode.swift; path = UIWindow.swift; sourceTree = "<group>"; };
		OBJ_85 /* UserDefaults.swift */ = {isa = PBXFileReference; lastKnownFileType = sourcecode.swift; path = UserDefaults.swift; sourceTree = "<group>"; };
		OBJ_87 /* CrowdinFolder.swift */ = {isa = PBXFileReference; lastKnownFileType = sourcecode.swift; path = CrowdinFolder.swift; sourceTree = "<group>"; };
		OBJ_89 /* CustomBundle.swift */ = {isa = PBXFileReference; lastKnownFileType = sourcecode.swift; path = CustomBundle.swift; sourceTree = "<group>"; };
		OBJ_90 /* DocumentsFolder.swift */ = {isa = PBXFileReference; lastKnownFileType = sourcecode.swift; path = DocumentsFolder.swift; sourceTree = "<group>"; };
		OBJ_91 /* File.swift */ = {isa = PBXFileReference; lastKnownFileType = sourcecode.swift; path = File.swift; sourceTree = "<group>"; };
		OBJ_92 /* FileStatus.swift */ = {isa = PBXFileReference; lastKnownFileType = sourcecode.swift; path = FileStatus.swift; sourceTree = "<group>"; };
		OBJ_93 /* FileType.swift */ = {isa = PBXFileReference; lastKnownFileType = sourcecode.swift; path = FileType.swift; sourceTree = "<group>"; };
		OBJ_94 /* Folder.swift */ = {isa = PBXFileReference; lastKnownFileType = sourcecode.swift; path = Folder.swift; sourceTree = "<group>"; };
		OBJ_95 /* ReadWriteProtocol.swift */ = {isa = PBXFileReference; lastKnownFileType = sourcecode.swift; path = ReadWriteProtocol.swift; sourceTree = "<group>"; };
		OBJ_98 /* CrowdinDownloader.swift */ = {isa = PBXFileReference; lastKnownFileType = sourcecode.swift; path = CrowdinDownloader.swift; sourceTree = "<group>"; };
		OBJ_99 /* CrowdinLocalizationDownloader.swift */ = {isa = PBXFileReference; lastKnownFileType = sourcecode.swift; path = CrowdinLocalizationDownloader.swift; sourceTree = "<group>"; };
		"Starscream::Starscream::Product" /* Starscream.framework */ = {isa = PBXFileReference; explicitFileType = wrapper.framework; path = Starscream.framework; sourceTree = BUILT_PRODUCTS_DIR; };
/* End PBXFileReference section */

/* Begin PBXFrameworksBuildPhase section */
		OBJ_333 /* Frameworks */ = {
			isa = PBXFrameworksBuildPhase;
			buildActionMask = 0;
			files = (
				OBJ_334 /* Starscream.framework in Frameworks */,
			);
			runOnlyForDeploymentPostprocessing = 0;
		};
		OBJ_364 /* Frameworks */ = {
			isa = PBXFrameworksBuildPhase;
			buildActionMask = 0;
			files = (
				OBJ_365 /* Starscream.framework in Frameworks */,
			);
			runOnlyForDeploymentPostprocessing = 0;
		};
		OBJ_375 /* Frameworks */ = {
			isa = PBXFrameworksBuildPhase;
			buildActionMask = 0;
			files = (
			);
			runOnlyForDeploymentPostprocessing = 0;
		};
/* End PBXFrameworksBuildPhase section */

/* Begin PBXGroup section */
		OBJ_100 /* Extractor */ = {
			isa = PBXGroup;
			children = (
				OBJ_101 /* LocalizationExtractor.swift */,
			);
			path = Extractor;
			sourceTree = "<group>";
		};
		OBJ_104 /* Provider */ = {
			isa = PBXGroup;
			children = (
				OBJ_105 /* InBundleLocalizationStorage.swift */,
				OBJ_106 /* LocalLocalizationStorage.swift */,
				OBJ_107 /* LocalizationDataSource.swift */,
				OBJ_108 /* LocalizationProvider.swift */,
				OBJ_109 /* LocalizationStorage.swift */,
				OBJ_110 /* RemoteLocalizationStorage.swift */,
			);
			path = Provider;
			sourceTree = "<group>";
		};
		OBJ_11 /* Extensions */ = {
			isa = PBXGroup;
			children = (
				OBJ_12 /* CharacterSet.swift */,
				OBJ_13 /* URLSession.swift */,
			);
			path = Extensions;
			sourceTree = "<group>";
		};
		OBJ_111 /* R.swift */ = {
			isa = PBXGroup;
			children = (
				OBJ_112 /* StringParam.swift */,
			);
			path = R.swift;
			sourceTree = "<group>";
		};
		OBJ_113 /* Utils */ = {
			isa = PBXGroup;
			children = (
				OBJ_114 /* Atomic.swift */,
				OBJ_115 /* ObjectAssociation.swift */,
				OBJ_116 /* Operations */,
			);
			path = Utils;
			sourceTree = "<group>";
		};
		OBJ_116 /* Operations */ = {
			isa = PBXGroup;
			children = (
				OBJ_117 /* AsyncOperation.swift */,
				OBJ_118 /* BlockAsyncOperation.swift */,
			);
			path = Operations;
			sourceTree = "<group>";
		};
		OBJ_119 /* Features */ = {
			isa = PBXGroup;
			children = (
				OBJ_120 /* IntervalUpdateFeature */,
				OBJ_124 /* LoginFeature */,
				OBJ_131 /* RealtimeUpdateFeature */,
				OBJ_141 /* RefreshLocalizationFeature */,
				OBJ_144 /* ScreenshotFeature */,
			);
			path = Features;
			sourceTree = "<group>";
		};
		OBJ_120 /* IntervalUpdateFeature */ = {
			isa = PBXGroup;
			children = (
				OBJ_121 /* CrowdinSDK+IntervalUpdate.swift */,
				OBJ_122 /* CrowdinSDKConfig+IntervalUpdate.swift */,
				OBJ_123 /* IntervalUpdateFeature.swift */,
			);
			path = IntervalUpdateFeature;
			sourceTree = "<group>";
		};
		OBJ_124 /* LoginFeature */ = {
			isa = PBXGroup;
			children = (
				OBJ_125 /* CrowdinLoginConfig.swift */,
				OBJ_126 /* Extensions */,
				OBJ_130 /* LoginFeature.swift */,
			);
			path = LoginFeature;
			sourceTree = "<group>";
		};
		OBJ_126 /* Extensions */ = {
			isa = PBXGroup;
			children = (
				OBJ_127 /* Bundle+URLScheme.swift */,
				OBJ_128 /* CrowdinSDK+Login.swift */,
				OBJ_129 /* CrowdinSDKConfig +Login.swift */,
			);
			path = Extensions;
			sourceTree = "<group>";
		};
		OBJ_131 /* RealtimeUpdateFeature */ = {
			isa = PBXGroup;
			children = (
				OBJ_132 /* CrowdinSocketManager */,
				OBJ_134 /* Extensions */,
				OBJ_139 /* RealtimeUpdateFeature.swift */,
				OBJ_140 /* Refreshable.swift */,
			);
			path = RealtimeUpdateFeature;
			sourceTree = "<group>";
		};
		OBJ_132 /* CrowdinSocketManager */ = {
			isa = PBXGroup;
			children = (
				OBJ_133 /* CrowdinSocketManager.swift */,
			);
			path = CrowdinSocketManager;
			sourceTree = "<group>";
		};
		OBJ_134 /* Extensions */ = {
			isa = PBXGroup;
			children = (
				OBJ_135 /* CrowdinSDK+ReatimeUpdates.swift */,
				OBJ_136 /* CrowdinSDKConfig+RealtimeUpdates.swift */,
				OBJ_137 /* UIButton+RealtimeUpdates.swift */,
				OBJ_138 /* UILabel+RealtimeUpdates.swift */,
			);
			path = Extensions;
			sourceTree = "<group>";
		};
		OBJ_141 /* RefreshLocalizationFeature */ = {
			isa = PBXGroup;
			children = (
				OBJ_142 /* CrowdinSDK+RefreshLocalization.swift */,
				OBJ_143 /* RefreshLocalizationFeature.swift */,
			);
			path = RefreshLocalizationFeature;
			sourceTree = "<group>";
		};
		OBJ_144 /* ScreenshotFeature */ = {
			isa = PBXGroup;
			children = (
				OBJ_145 /* CrowdinScreenshotsConfig.swift */,
				OBJ_146 /* Extensions */,
				OBJ_150 /* ScreenshotFeature.swift */,
				OBJ_151 /* ScreenshotInformationCollector.swift */,
				OBJ_152 /* ScreenshotProcessor.swift */,
				OBJ_153 /* ScreenshotUploader.swift */,
			);
			path = ScreenshotFeature;
			sourceTree = "<group>";
		};
		OBJ_146 /* Extensions */ = {
			isa = PBXGroup;
			children = (
				OBJ_147 /* CGRect+Validation.swift */,
				OBJ_148 /* CrowdinSDK+Screenshots.swift */,
				OBJ_149 /* CrowdinSDKConfig+Screenshots.swift */,
			);
			path = Extensions;
			sourceTree = "<group>";
		};
		OBJ_154 /* Mapping */ = {
			isa = PBXGroup;
			children = (
				OBJ_155 /* CrowdinMappingDownloader.swift */,
				OBJ_156 /* CrowdinMappingManager.swift */,
			);
			path = Mapping;
			sourceTree = "<group>";
		};
		OBJ_157 /* Providers */ = {
			isa = PBXGroup;
			children = (
				OBJ_158 /* Crowdin */,
			);
			path = Providers;
			sourceTree = "<group>";
		};
		OBJ_158 /* Crowdin */ = {
			isa = PBXGroup;
			children = (
				OBJ_159 /* Config */,
				OBJ_161 /* CrowdinRemoteLocalizationStorage.swift */,
				OBJ_162 /* Extensions */,
				OBJ_165 /* PathParser */,
				OBJ_167 /* SupportedLanguages */,
			);
			path = Crowdin;
			sourceTree = "<group>";
		};
		OBJ_159 /* Config */ = {
			isa = PBXGroup;
			children = (
				OBJ_160 /* CrowdinProviderConfig.swift */,
			);
			path = Config;
			sourceTree = "<group>";
		};
		OBJ_162 /* Extensions */ = {
			isa = PBXGroup;
			children = (
				OBJ_163 /* CrowdinSDKConfig+CrowdinProvider.swift */,
				OBJ_164 /* String+Extensions.swift */,
			);
			path = Extensions;
			sourceTree = "<group>";
		};
		OBJ_165 /* PathParser */ = {
			isa = PBXGroup;
			children = (
				OBJ_166 /* CrowdinPathsParser.swift */,
			);
			path = PathParser;
			sourceTree = "<group>";
		};
		OBJ_167 /* SupportedLanguages */ = {
			isa = PBXGroup;
			children = (
				OBJ_168 /* CrowdinSupportedLanguages.swift */,
			);
			path = SupportedLanguages;
			sourceTree = "<group>";
		};
		OBJ_169 /* Settings */ = {
			isa = PBXGroup;
			children = (
				OBJ_170 /* Bundle+Settings.swift */,
				OBJ_171 /* CrowdinSDK+Settings.swift */,
				OBJ_172 /* CrowdinSDKConfig+Settings.swift */,
				OBJ_173 /* SettingsItemCell.swift */,
				OBJ_174 /* SettingsView+Gesture.swift */,
				OBJ_175 /* SettingsView+UITableView.swift */,
				OBJ_176 /* SettingsView.swift */,
			);
			path = Settings;
			sourceTree = "<group>";
		};
		OBJ_177 /* Tests */ = {
			isa = PBXGroup;
			children = (
				OBJ_178 /* Core */,
				OBJ_184 /* CrowdinAPI */,
				OBJ_189 /* CrowdinProvider */,
			);
			name = Tests;
			path = CrowdinSDK/Tests;
			sourceTree = SOURCE_ROOT;
		};
		OBJ_178 /* Core */ = {
			isa = PBXGroup;
			children = (
				OBJ_179 /* ConstantsTests.swift */,
				OBJ_180 /* CrowdinSDKConfigTests.swift */,
				OBJ_181 /* DictionaryTests.swift */,
				OBJ_182 /* LocaleExtensionTests.swift */,
				OBJ_183 /* StringsTests.swift */,
			);
			path = Core;
			sourceTree = "<group>";
		};
		OBJ_18 /* ContentDeliveryAPI */ = {
			isa = PBXGroup;
			children = (
				OBJ_19 /* CrowdinContentDeliveryAPI.swift */,
				OBJ_20 /* Models */,
				OBJ_22 /* Operations */,
				OBJ_24 /* Parser */,
			);
			path = ContentDeliveryAPI;
			sourceTree = "<group>";
		};
		OBJ_184 /* CrowdinAPI */ = {
			isa = PBXGroup;
			children = (
				OBJ_185 /* CrowdinAPITests.swift */,
				OBJ_186 /* CrowdinContentDeliveryAPITests.swift */,
				OBJ_187 /* CrowdinLoginAPITests.swift */,
				OBJ_188 /* URLSessionMock.swift */,
			);
			path = CrowdinAPI;
			sourceTree = "<group>";
		};
		OBJ_189 /* CrowdinProvider */ = {
			isa = PBXGroup;
			children = (
				OBJ_190 /* CrowdinPathsParserTests.swift */,
				OBJ_191 /* CrowdinProviderConfigTests.swift */,
			);
			path = CrowdinProvider;
			sourceTree = "<group>";
		};
		OBJ_192 /* Dependencies */ = {
			isa = PBXGroup;
			children = (
				OBJ_193 /* Starscream 3.1.1 */,
			);
			name = Dependencies;
			sourceTree = "<group>";
		};
		OBJ_193 /* Starscream 3.1.1 */ = {
			isa = PBXGroup;
			children = (
				OBJ_194 /* Starscream */,
				OBJ_199 /* Package.swift */,
			);
			name = "Starscream 3.1.1";
			sourceTree = SOURCE_ROOT;
		};
		OBJ_194 /* Starscream */ = {
			isa = PBXGroup;
			children = (
				OBJ_195 /* Compression.swift */,
				OBJ_196 /* SSLClientCertificate.swift */,
				OBJ_197 /* SSLSecurity.swift */,
				OBJ_198 /* WebSocket.swift */,
			);
			name = Starscream;
			path = .build/checkouts/Starscream/Sources/Starscream;
			sourceTree = SOURCE_ROOT;
		};
		OBJ_20 /* Models */ = {
			isa = PBXGroup;
			children = (
				OBJ_21 /* ManifestResponse.swift */,
			);
			path = Models;
			sourceTree = "<group>";
		};
		OBJ_200 /* Products */ = {
			isa = PBXGroup;
			children = (
				"Starscream::Starscream::Product" /* Starscream.framework */,
				"CrowdinSDK::CrowdinSDKTests::Product" /* CrowdinSDKTests.xctest */,
				"CrowdinSDK::CrowdinSDK::Product" /* CrowdinSDK.framework */,
			);
			name = Products;
			sourceTree = BUILT_PRODUCTS_DIR;
		};
		OBJ_22 /* Operations */ = {
			isa = PBXGroup;
			children = (
				OBJ_23 /* DownloadOperation.swift */,
			);
			path = Operations;
			sourceTree = "<group>";
		};
		OBJ_24 /* Parser */ = {
			isa = PBXGroup;
			children = (
				OBJ_25 /* DataParser.swift */,
			);
			path = Parser;
			sourceTree = "<group>";
		};
		OBJ_27 /* DistributionsAPI */ = {
			isa = PBXGroup;
			children = (
				OBJ_28 /* DistributionsAPI.swift */,
				OBJ_29 /* Models */,
			);
			path = DistributionsAPI;
			sourceTree = "<group>";
		};
		OBJ_29 /* Models */ = {
			isa = PBXGroup;
			children = (
				OBJ_30 /* DistributionsResponse.swift */,
			);
			path = Models;
			sourceTree = "<group>";
		};
		OBJ_31 /* LoginAPI */ = {
			isa = PBXGroup;
			children = (
				OBJ_32 /* LoginAPI.swift */,
				OBJ_33 /* Models */,
			);
			path = LoginAPI;
			sourceTree = "<group>";
		};
		OBJ_33 /* Models */ = {
			isa = PBXGroup;
			children = (
				OBJ_34 /* RefreshTokenRequest.swift */,
				OBJ_35 /* TokenRequest.swift */,
				OBJ_36 /* TokenResponse.swift */,
			);
			path = Models;
			sourceTree = "<group>";
		};
		OBJ_37 /* ProjectAPI */ = {
			isa = PBXGroup;
			children = (
				OBJ_38 /* Models */,
				OBJ_40 /* Operations */,
				OBJ_42 /* ProjectAPI.swift */,
			);
			path = ProjectAPI;
			sourceTree = "<group>";
		};
		OBJ_38 /* Models */ = {
			isa = PBXGroup;
			children = (
				OBJ_39 /* ProjectDetailsResponse.swift */,
			);
			path = Models;
			sourceTree = "<group>";
		};
		OBJ_40 /* Operations */ = {
			isa = PBXGroup;
			children = (
				OBJ_41 /* DownloadProjectInfoOperation.swift */,
			);
			path = Operations;
			sourceTree = "<group>";
		};
		OBJ_43 /* ScreenshotsAPI */ = {
			isa = PBXGroup;
			children = (
				OBJ_44 /* Models */,
				OBJ_50 /* ScreenshotsAPI.swift */,
			);
			path = ScreenshotsAPI;
			sourceTree = "<group>";
		};
		OBJ_44 /* Models */ = {
			isa = PBXGroup;
			children = (
				OBJ_45 /* CreateScreenshotRequest.swift */,
				OBJ_46 /* CreateScreenshotResponse.swift */,
				OBJ_47 /* CreateScreenshotTag */,
			);
			path = Models;
			sourceTree = "<group>";
		};
		OBJ_47 /* CreateScreenshotTag */ = {
			isa = PBXGroup;
			children = (
				OBJ_48 /* CreateScreenshotTagRequest.swift */,
				OBJ_49 /* CreateScreenshotTagResponse.swift */,
			);
			path = CreateScreenshotTag;
			sourceTree = "<group>";
		};
		OBJ_5 /*  */ = {
			isa = PBXGroup;
			children = (
				OBJ_6 /* Package.swift */,
				OBJ_7 /* Sources */,
				OBJ_177 /* Tests */,
				OBJ_192 /* Dependencies */,
				OBJ_200 /* Products */,
				OBJ_204 /* Documentation */,
				OBJ_205 /* ObjCExample */,
				OBJ_206 /* Example */,
				OBJ_207 /* CrowdinSDK */,
				OBJ_208 /* LICENSE */,
				OBJ_209 /* CrowdinSDK.podspec */,
				OBJ_210 /* azure-pipelines.yml */,
				OBJ_211 /* README.md */,
				OBJ_212 /* build_doc.sh */,
			);
			name = "";
			sourceTree = "<group>";
		};
		OBJ_51 /* SocketAPI */ = {
			isa = PBXGroup;
			children = (
				OBJ_52 /* Models */,
				OBJ_56 /* SocketAPI.swift */,
			);
			path = SocketAPI;
			sourceTree = "<group>";
		};
		OBJ_52 /* Models */ = {
			isa = PBXGroup;
			children = (
				OBJ_53 /* ActionRequest.swift */,
				OBJ_54 /* TopSuggestionResponse.swift */,
				OBJ_55 /* UpdateDraftResponse.swift */,
			);
			path = Models;
			sourceTree = "<group>";
		};
		OBJ_57 /* StorageAPI */ = {
			isa = PBXGroup;
			children = (
				OBJ_58 /* Models */,
				OBJ_60 /* StorageAPI.swift */,
			);
			path = StorageAPI;
			sourceTree = "<group>";
		};
		OBJ_58 /* Models */ = {
			isa = PBXGroup;
			children = (
				OBJ_59 /* StorageUploadResponse.swift */,
			);
			path = Models;
			sourceTree = "<group>";
		};
		OBJ_61 /* SupportedLanguagesAPI */ = {
			isa = PBXGroup;
			children = (
				OBJ_62 /* Models */,
				OBJ_64 /* Operations */,
				OBJ_66 /* SupportedLanguagesAPI.swift */,
			);
			path = SupportedLanguagesAPI;
			sourceTree = "<group>";
		};
		OBJ_62 /* Models */ = {
			isa = PBXGroup;
			children = (
				OBJ_63 /* SupportedLanguagesResponse.swift */,
			);
			path = Models;
			sourceTree = "<group>";
		};
		OBJ_64 /* Operations */ = {
			isa = PBXGroup;
			children = (
				OBJ_65 /* DownloadSupportedLanguagesOperation.swift */,
			);
			path = Operations;
			sourceTree = "<group>";
		};
		OBJ_67 /* CrowdinSDK */ = {
			isa = PBXGroup;
			children = (
				OBJ_68 /* Constants.swift */,
				OBJ_69 /* CrowdinSDK.swift */,
				OBJ_70 /* CrowdinSDKConfig.swift */,
				OBJ_71 /* CrowdinTester.swift */,
				OBJ_72 /* Extensions */,
				OBJ_86 /* FileSystem */,
				OBJ_96 /* Localization */,
				OBJ_111 /* R.swift */,
				OBJ_113 /* Utils */,
			);
			path = CrowdinSDK;
			sourceTree = "<group>";
		};
		OBJ_7 /* Sources */ = {
			isa = PBXGroup;
			children = (
				OBJ_8 /* CrowdinAPI */,
				OBJ_67 /* CrowdinSDK */,
				OBJ_119 /* Features */,
				OBJ_154 /* Mapping */,
				OBJ_157 /* Providers */,
				OBJ_169 /* Settings */,
			);
			name = Sources;
			path = CrowdinSDK/Classes;
			sourceTree = SOURCE_ROOT;
		};
		OBJ_72 /* Extensions */ = {
			isa = PBXGroup;
			children = (
				OBJ_73 /* Bundle */,
				OBJ_78 /* Dictionary.swift */,
				OBJ_79 /* Locale.swift */,
				OBJ_80 /* String.swift */,
				OBJ_81 /* UIButton+Swizzle.swift */,
				OBJ_82 /* UILabel+Swizzle.swift */,
				OBJ_83 /* UIViewController.swift */,
				OBJ_84 /* UIWindow.swift */,
				OBJ_85 /* UserDefaults.swift */,
			);
			path = Extensions;
			sourceTree = "<group>";
		};
		OBJ_73 /* Bundle */ = {
			isa = PBXGroup;
			children = (
				OBJ_74 /* Bundle+Application.swift */,
				OBJ_75 /* Bundle+Crowdin.swift */,
				OBJ_76 /* Bundle+Language.swift */,
				OBJ_77 /* Bundle+Swizzle.swift */,
			);
			path = Bundle;
			sourceTree = "<group>";
		};
		OBJ_8 /* CrowdinAPI */ = {
			isa = PBXGroup;
			children = (
				OBJ_9 /* BaseAPI */,
				OBJ_18 /* ContentDeliveryAPI */,
				OBJ_26 /* CrowdinAPI.swift */,
				OBJ_27 /* DistributionsAPI */,
				OBJ_31 /* LoginAPI */,
				OBJ_37 /* ProjectAPI */,
				OBJ_43 /* ScreenshotsAPI */,
				OBJ_51 /* SocketAPI */,
				OBJ_57 /* StorageAPI */,
				OBJ_61 /* SupportedLanguagesAPI */,
			);
			path = CrowdinAPI;
			sourceTree = "<group>";
		};
		OBJ_86 /* FileSystem */ = {
			isa = PBXGroup;
			children = (
				OBJ_87 /* CrowdinFolder.swift */,
				OBJ_88 /* CustomBundle */,
				OBJ_90 /* DocumentsFolder.swift */,
				OBJ_91 /* File.swift */,
				OBJ_92 /* FileStatus.swift */,
				OBJ_93 /* FileType.swift */,
				OBJ_94 /* Folder.swift */,
				OBJ_95 /* ReadWriteProtocol.swift */,
			);
			path = FileSystem;
			sourceTree = "<group>";
		};
		OBJ_88 /* CustomBundle */ = {
			isa = PBXGroup;
			children = (
				OBJ_89 /* CustomBundle.swift */,
			);
			path = CustomBundle;
			sourceTree = "<group>";
		};
		OBJ_9 /* BaseAPI */ = {
			isa = PBXGroup;
			children = (
				OBJ_10 /* BaseAPI.swift */,
				OBJ_11 /* Extensions */,
				OBJ_14 /* Request.swift */,
				OBJ_15 /* RequestHeaderFields.swift */,
				OBJ_16 /* RequestMethod.swift */,
				OBJ_17 /* ResponsetHeaderFields.swift */,
			);
			path = BaseAPI;
			sourceTree = "<group>";
		};
		OBJ_96 /* Localization */ = {
			isa = PBXGroup;
			children = (
				OBJ_97 /* Downloaders */,
				OBJ_100 /* Extractor */,
				OBJ_102 /* Localization.swift */,
				OBJ_103 /* LocalizationUpdateObserver.swift */,
				OBJ_104 /* Provider */,
			);
			path = Localization;
			sourceTree = "<group>";
		};
		OBJ_97 /* Downloaders */ = {
			isa = PBXGroup;
			children = (
				OBJ_98 /* CrowdinDownloader.swift */,
				OBJ_99 /* CrowdinLocalizationDownloader.swift */,
			);
			path = Downloaders;
			sourceTree = "<group>";
		};
/* End PBXGroup section */

/* Begin PBXNativeTarget section */
		"CrowdinSDK::CrowdinSDK" /* CrowdinSDK */ = {
			isa = PBXNativeTarget;
			buildConfigurationList = OBJ_214 /* Build configuration list for PBXNativeTarget "CrowdinSDK" */;
			buildPhases = (
				OBJ_217 /* Sources */,
				OBJ_333 /* Frameworks */,
			);
			buildRules = (
			);
			dependencies = (
				OBJ_335 /* PBXTargetDependency */,
			);
			name = CrowdinSDK;
			productName = CrowdinSDK;
			productReference = "CrowdinSDK::CrowdinSDK::Product" /* CrowdinSDK.framework */;
			productType = "com.apple.product-type.framework";
		};
		"CrowdinSDK::CrowdinSDKTests" /* CrowdinSDKTests */ = {
			isa = PBXNativeTarget;
			buildConfigurationList = OBJ_349 /* Build configuration list for PBXNativeTarget "CrowdinSDKTests" */;
			buildPhases = (
				OBJ_352 /* Sources */,
				OBJ_364 /* Frameworks */,
			);
			buildRules = (
			);
			dependencies = (
				OBJ_366 /* PBXTargetDependency */,
			);
			name = CrowdinSDKTests;
			productName = CrowdinSDKTests;
			productReference = "CrowdinSDK::CrowdinSDKTests::Product" /* CrowdinSDKTests.xctest */;
			productType = "com.apple.product-type.bundle.unit-test";
		};
		"CrowdinSDK::SwiftPMPackageDescription" /* CrowdinSDKPackageDescription */ = {
			isa = PBXNativeTarget;
			buildConfigurationList = OBJ_338 /* Build configuration list for PBXNativeTarget "CrowdinSDKPackageDescription" */;
			buildPhases = (
				OBJ_341 /* Sources */,
			);
			buildRules = (
			);
			dependencies = (
			);
			name = CrowdinSDKPackageDescription;
			productName = CrowdinSDKPackageDescription;
			productType = "com.apple.product-type.framework";
		};
		"Starscream::Starscream" /* Starscream */ = {
			isa = PBXNativeTarget;
			buildConfigurationList = OBJ_367 /* Build configuration list for PBXNativeTarget "Starscream" */;
			buildPhases = (
				OBJ_370 /* Sources */,
				OBJ_375 /* Frameworks */,
			);
			buildRules = (
			);
			dependencies = (
			);
			name = Starscream;
			productName = Starscream;
			productReference = "Starscream::Starscream::Product" /* Starscream.framework */;
			productType = "com.apple.product-type.framework";
		};
		"Starscream::SwiftPMPackageDescription" /* StarscreamPackageDescription */ = {
			isa = PBXNativeTarget;
			buildConfigurationList = OBJ_377 /* Build configuration list for PBXNativeTarget "StarscreamPackageDescription" */;
			buildPhases = (
				OBJ_380 /* Sources */,
			);
			buildRules = (
			);
			dependencies = (
			);
			name = StarscreamPackageDescription;
			productName = StarscreamPackageDescription;
			productType = "com.apple.product-type.framework";
		};
/* End PBXNativeTarget section */

/* Begin PBXProject section */
		OBJ_1 /* Project object */ = {
			isa = PBXProject;
			attributes = {
				LastSwiftMigration = 9999;
				LastUpgradeCheck = 9999;
			};
			buildConfigurationList = OBJ_2 /* Build configuration list for PBXProject "CrowdinSDK" */;
			compatibilityVersion = "Xcode 3.2";
			developmentRegion = en;
			hasScannedForEncodings = 0;
			knownRegions = (
				en,
			);
			mainGroup = OBJ_5 /*  */;
			productRefGroup = OBJ_200 /* Products */;
			projectDirPath = "";
			projectRoot = "";
			targets = (
				"CrowdinSDK::CrowdinSDK" /* CrowdinSDK */,
				"CrowdinSDK::SwiftPMPackageDescription" /* CrowdinSDKPackageDescription */,
				"CrowdinSDK::CrowdinSDKPackageTests::ProductTarget" /* CrowdinSDKPackageTests */,
				"CrowdinSDK::CrowdinSDKTests" /* CrowdinSDKTests */,
				"Starscream::Starscream" /* Starscream */,
				"Starscream::SwiftPMPackageDescription" /* StarscreamPackageDescription */,
			);
		};
/* End PBXProject section */

/* Begin PBXSourcesBuildPhase section */
		OBJ_217 /* Sources */ = {
			isa = PBXSourcesBuildPhase;
			buildActionMask = 0;
			files = (
				OBJ_218 /* BaseAPI.swift in Sources */,
				OBJ_219 /* CharacterSet.swift in Sources */,
				OBJ_220 /* URLSession.swift in Sources */,
				OBJ_221 /* Request.swift in Sources */,
				OBJ_222 /* RequestHeaderFields.swift in Sources */,
				OBJ_223 /* RequestMethod.swift in Sources */,
				OBJ_224 /* ResponsetHeaderFields.swift in Sources */,
				OBJ_225 /* CrowdinContentDeliveryAPI.swift in Sources */,
				OBJ_226 /* ManifestResponse.swift in Sources */,
				OBJ_227 /* DownloadOperation.swift in Sources */,
				OBJ_228 /* DataParser.swift in Sources */,
				OBJ_229 /* CrowdinAPI.swift in Sources */,
				OBJ_230 /* DistributionsAPI.swift in Sources */,
				OBJ_231 /* DistributionsResponse.swift in Sources */,
				OBJ_232 /* LoginAPI.swift in Sources */,
				OBJ_233 /* RefreshTokenRequest.swift in Sources */,
				OBJ_234 /* TokenRequest.swift in Sources */,
				OBJ_235 /* TokenResponse.swift in Sources */,
				OBJ_236 /* ProjectDetailsResponse.swift in Sources */,
				OBJ_237 /* DownloadProjectInfoOperation.swift in Sources */,
				OBJ_238 /* ProjectAPI.swift in Sources */,
				OBJ_239 /* CreateScreenshotRequest.swift in Sources */,
				OBJ_240 /* CreateScreenshotResponse.swift in Sources */,
				OBJ_241 /* CreateScreenshotTagRequest.swift in Sources */,
				OBJ_242 /* CreateScreenshotTagResponse.swift in Sources */,
				OBJ_243 /* ScreenshotsAPI.swift in Sources */,
				OBJ_244 /* ActionRequest.swift in Sources */,
				OBJ_245 /* TopSuggestionResponse.swift in Sources */,
				OBJ_246 /* UpdateDraftResponse.swift in Sources */,
				OBJ_247 /* SocketAPI.swift in Sources */,
				OBJ_248 /* StorageUploadResponse.swift in Sources */,
				OBJ_249 /* StorageAPI.swift in Sources */,
				OBJ_250 /* SupportedLanguagesResponse.swift in Sources */,
				OBJ_251 /* DownloadSupportedLanguagesOperation.swift in Sources */,
				OBJ_252 /* SupportedLanguagesAPI.swift in Sources */,
				OBJ_253 /* Constants.swift in Sources */,
				OBJ_254 /* CrowdinSDK.swift in Sources */,
				OBJ_255 /* CrowdinSDKConfig.swift in Sources */,
				OBJ_256 /* CrowdinTester.swift in Sources */,
				OBJ_257 /* Bundle+Application.swift in Sources */,
				OBJ_258 /* Bundle+Crowdin.swift in Sources */,
				OBJ_259 /* Bundle+Language.swift in Sources */,
				OBJ_260 /* Bundle+Swizzle.swift in Sources */,
				OBJ_261 /* Dictionary.swift in Sources */,
				OBJ_262 /* Locale.swift in Sources */,
				OBJ_263 /* String.swift in Sources */,
				OBJ_264 /* UIButton+Swizzle.swift in Sources */,
				OBJ_265 /* UILabel+Swizzle.swift in Sources */,
				OBJ_266 /* UIViewController.swift in Sources */,
				OBJ_267 /* UIWindow.swift in Sources */,
				OBJ_268 /* UserDefaults.swift in Sources */,
				OBJ_269 /* CrowdinFolder.swift in Sources */,
				OBJ_270 /* CustomBundle.swift in Sources */,
				OBJ_271 /* DocumentsFolder.swift in Sources */,
				OBJ_272 /* File.swift in Sources */,
				OBJ_273 /* FileStatus.swift in Sources */,
				OBJ_274 /* FileType.swift in Sources */,
				OBJ_275 /* Folder.swift in Sources */,
				OBJ_276 /* ReadWriteProtocol.swift in Sources */,
				OBJ_277 /* CrowdinDownloader.swift in Sources */,
				OBJ_278 /* CrowdinLocalizationDownloader.swift in Sources */,
				OBJ_279 /* LocalizationExtractor.swift in Sources */,
				OBJ_280 /* Localization.swift in Sources */,
				OBJ_281 /* LocalizationUpdateObserver.swift in Sources */,
				OBJ_282 /* InBundleLocalizationStorage.swift in Sources */,
				OBJ_283 /* LocalLocalizationStorage.swift in Sources */,
				OBJ_284 /* LocalizationDataSource.swift in Sources */,
				OBJ_285 /* LocalizationProvider.swift in Sources */,
				OBJ_286 /* LocalizationStorage.swift in Sources */,
				OBJ_287 /* RemoteLocalizationStorage.swift in Sources */,
				OBJ_288 /* StringParam.swift in Sources */,
				OBJ_289 /* Atomic.swift in Sources */,
				OBJ_290 /* ObjectAssociation.swift in Sources */,
				OBJ_291 /* AsyncOperation.swift in Sources */,
				OBJ_292 /* BlockAsyncOperation.swift in Sources */,
				OBJ_293 /* CrowdinSDK+IntervalUpdate.swift in Sources */,
				OBJ_294 /* CrowdinSDKConfig+IntervalUpdate.swift in Sources */,
				OBJ_295 /* IntervalUpdateFeature.swift in Sources */,
				OBJ_296 /* CrowdinLoginConfig.swift in Sources */,
				OBJ_297 /* Bundle+URLScheme.swift in Sources */,
				OBJ_298 /* CrowdinSDK+Login.swift in Sources */,
				OBJ_299 /* CrowdinSDKConfig +Login.swift in Sources */,
				OBJ_300 /* LoginFeature.swift in Sources */,
				OBJ_301 /* CrowdinSocketManager.swift in Sources */,
				OBJ_302 /* CrowdinSDK+ReatimeUpdates.swift in Sources */,
				OBJ_303 /* CrowdinSDKConfig+RealtimeUpdates.swift in Sources */,
				OBJ_304 /* UIButton+RealtimeUpdates.swift in Sources */,
				OBJ_305 /* UILabel+RealtimeUpdates.swift in Sources */,
				OBJ_306 /* RealtimeUpdateFeature.swift in Sources */,
				OBJ_307 /* Refreshable.swift in Sources */,
				OBJ_308 /* CrowdinSDK+RefreshLocalization.swift in Sources */,
				OBJ_309 /* RefreshLocalizationFeature.swift in Sources */,
				OBJ_310 /* CrowdinScreenshotsConfig.swift in Sources */,
				OBJ_311 /* CGRect+Validation.swift in Sources */,
				OBJ_312 /* CrowdinSDK+Screenshots.swift in Sources */,
				OBJ_313 /* CrowdinSDKConfig+Screenshots.swift in Sources */,
				OBJ_314 /* ScreenshotFeature.swift in Sources */,
				OBJ_315 /* ScreenshotInformationCollector.swift in Sources */,
				OBJ_316 /* ScreenshotProcessor.swift in Sources */,
				OBJ_317 /* ScreenshotUploader.swift in Sources */,
				OBJ_318 /* CrowdinMappingDownloader.swift in Sources */,
				OBJ_319 /* CrowdinMappingManager.swift in Sources */,
				OBJ_320 /* CrowdinProviderConfig.swift in Sources */,
				OBJ_321 /* CrowdinRemoteLocalizationStorage.swift in Sources */,
				OBJ_322 /* CrowdinSDKConfig+CrowdinProvider.swift in Sources */,
				OBJ_323 /* String+Extensions.swift in Sources */,
				OBJ_324 /* CrowdinPathsParser.swift in Sources */,
				OBJ_325 /* CrowdinSupportedLanguages.swift in Sources */,
				OBJ_326 /* Bundle+Settings.swift in Sources */,
				OBJ_327 /* CrowdinSDK+Settings.swift in Sources */,
				OBJ_328 /* CrowdinSDKConfig+Settings.swift in Sources */,
				OBJ_329 /* SettingsItemCell.swift in Sources */,
				OBJ_330 /* SettingsView+Gesture.swift in Sources */,
				OBJ_331 /* SettingsView+UITableView.swift in Sources */,
				OBJ_332 /* SettingsView.swift in Sources */,
			);
			runOnlyForDeploymentPostprocessing = 0;
		};
		OBJ_341 /* Sources */ = {
			isa = PBXSourcesBuildPhase;
			buildActionMask = 0;
			files = (
				OBJ_342 /* Package.swift in Sources */,
			);
			runOnlyForDeploymentPostprocessing = 0;
		};
		OBJ_352 /* Sources */ = {
			isa = PBXSourcesBuildPhase;
			buildActionMask = 0;
			files = (
				OBJ_353 /* ConstantsTests.swift in Sources */,
				OBJ_354 /* CrowdinSDKConfigTests.swift in Sources */,
				OBJ_355 /* DictionaryTests.swift in Sources */,
				OBJ_356 /* LocaleExtensionTests.swift in Sources */,
				OBJ_357 /* StringsTests.swift in Sources */,
				OBJ_358 /* CrowdinAPITests.swift in Sources */,
				OBJ_359 /* CrowdinContentDeliveryAPITests.swift in Sources */,
				OBJ_360 /* CrowdinLoginAPITests.swift in Sources */,
				OBJ_361 /* URLSessionMock.swift in Sources */,
				OBJ_362 /* CrowdinPathsParserTests.swift in Sources */,
				OBJ_363 /* CrowdinProviderConfigTests.swift in Sources */,
			);
			runOnlyForDeploymentPostprocessing = 0;
		};
		OBJ_370 /* Sources */ = {
			isa = PBXSourcesBuildPhase;
			buildActionMask = 0;
			files = (
				OBJ_371 /* Compression.swift in Sources */,
				OBJ_372 /* SSLClientCertificate.swift in Sources */,
				OBJ_373 /* SSLSecurity.swift in Sources */,
				OBJ_374 /* WebSocket.swift in Sources */,
			);
			runOnlyForDeploymentPostprocessing = 0;
		};
		OBJ_380 /* Sources */ = {
			isa = PBXSourcesBuildPhase;
			buildActionMask = 0;
			files = (
				OBJ_381 /* Package.swift in Sources */,
			);
			runOnlyForDeploymentPostprocessing = 0;
		};
/* End PBXSourcesBuildPhase section */

/* Begin PBXTargetDependency section */
		OBJ_335 /* PBXTargetDependency */ = {
			isa = PBXTargetDependency;
			target = "Starscream::Starscream" /* Starscream */;
			targetProxy = E8A6D6E0238228CE00FECA34 /* PBXContainerItemProxy */;
		};
		OBJ_347 /* PBXTargetDependency */ = {
			isa = PBXTargetDependency;
			target = "CrowdinSDK::CrowdinSDKTests" /* CrowdinSDKTests */;
			targetProxy = E8A6D6E2238228CE00FECA34 /* PBXContainerItemProxy */;
		};
		OBJ_366 /* PBXTargetDependency */ = {
			isa = PBXTargetDependency;
			target = "Starscream::Starscream" /* Starscream */;
			targetProxy = E8A6D6E1238228CE00FECA34 /* PBXContainerItemProxy */;
		};
/* End PBXTargetDependency section */

/* Begin XCBuildConfiguration section */
		OBJ_215 /* Debug */ = {
			isa = XCBuildConfiguration;
			buildSettings = {
				ENABLE_TESTABILITY = YES;
				FRAMEWORK_SEARCH_PATHS = (
					"$(inherited)",
					"$(PLATFORM_DIR)/Developer/Library/Frameworks",
				);
				HEADER_SEARCH_PATHS = (
					"$(inherited)",
					"$(SRCROOT)/.build/checkouts/swift-nio-zlib-support",
				);
				INFOPLIST_FILE = CrowdinSDK.xcodeproj/CrowdinSDK_Info.plist;
				IPHONEOS_DEPLOYMENT_TARGET = 9.0;
				LD_RUNPATH_SEARCH_PATHS = "$(inherited) $(TOOLCHAIN_DIR)/usr/lib/swift/macosx";
				MACOSX_DEPLOYMENT_TARGET = 10.10;
				OTHER_CFLAGS = "$(inherited)";
				OTHER_LDFLAGS = (
					"$(inherited)",
					"-lz",
				);
				OTHER_SWIFT_FLAGS = "$(inherited)";
				PRODUCT_BUNDLE_IDENTIFIER = CrowdinSDK;
				PRODUCT_MODULE_NAME = "$(TARGET_NAME:c99extidentifier)";
				PRODUCT_NAME = "$(TARGET_NAME:c99extidentifier)";
				SKIP_INSTALL = YES;
				SWIFT_ACTIVE_COMPILATION_CONDITIONS = "$(inherited)";
				SWIFT_VERSION = 5.0;
				TARGET_NAME = CrowdinSDK;
				TVOS_DEPLOYMENT_TARGET = 9.0;
				WATCHOS_DEPLOYMENT_TARGET = 2.0;
			};
			name = Debug;
		};
		OBJ_216 /* Release */ = {
			isa = XCBuildConfiguration;
			buildSettings = {
				ENABLE_TESTABILITY = YES;
				FRAMEWORK_SEARCH_PATHS = (
					"$(inherited)",
					"$(PLATFORM_DIR)/Developer/Library/Frameworks",
				);
				HEADER_SEARCH_PATHS = (
					"$(inherited)",
					"$(SRCROOT)/.build/checkouts/swift-nio-zlib-support",
				);
				INFOPLIST_FILE = CrowdinSDK.xcodeproj/CrowdinSDK_Info.plist;
				IPHONEOS_DEPLOYMENT_TARGET = 9.0;
				LD_RUNPATH_SEARCH_PATHS = "$(inherited) $(TOOLCHAIN_DIR)/usr/lib/swift/macosx";
				MACOSX_DEPLOYMENT_TARGET = 10.10;
				OTHER_CFLAGS = "$(inherited)";
				OTHER_LDFLAGS = (
					"$(inherited)",
					"-lz",
				);
				OTHER_SWIFT_FLAGS = "$(inherited)";
				PRODUCT_BUNDLE_IDENTIFIER = CrowdinSDK;
				PRODUCT_MODULE_NAME = "$(TARGET_NAME:c99extidentifier)";
				PRODUCT_NAME = "$(TARGET_NAME:c99extidentifier)";
				SKIP_INSTALL = YES;
				SWIFT_ACTIVE_COMPILATION_CONDITIONS = "$(inherited)";
				SWIFT_VERSION = 5.0;
				TARGET_NAME = CrowdinSDK;
				TVOS_DEPLOYMENT_TARGET = 9.0;
				WATCHOS_DEPLOYMENT_TARGET = 2.0;
			};
			name = Release;
		};
		OBJ_3 /* Debug */ = {
			isa = XCBuildConfiguration;
			buildSettings = {
				CLANG_ENABLE_OBJC_ARC = YES;
				COMBINE_HIDPI_IMAGES = YES;
				COPY_PHASE_STRIP = NO;
				DEBUG_INFORMATION_FORMAT = dwarf;
				DYLIB_INSTALL_NAME_BASE = "@rpath";
				ENABLE_NS_ASSERTIONS = YES;
				GCC_OPTIMIZATION_LEVEL = 0;
				GCC_PREPROCESSOR_DEFINITIONS = (
					"$(inherited)",
					"SWIFT_PACKAGE=1",
					"DEBUG=1",
				);
				MACOSX_DEPLOYMENT_TARGET = 10.10;
				ONLY_ACTIVE_ARCH = YES;
				OTHER_SWIFT_FLAGS = "$(inherited) -DXcode";
				PRODUCT_NAME = "$(TARGET_NAME)";
				SDKROOT = macosx;
				SUPPORTED_PLATFORMS = "macosx iphoneos iphonesimulator appletvos appletvsimulator watchos watchsimulator";
				SWIFT_ACTIVE_COMPILATION_CONDITIONS = "$(inherited) SWIFT_PACKAGE DEBUG";
				SWIFT_OPTIMIZATION_LEVEL = "-Onone";
				USE_HEADERMAP = NO;
			};
			name = Debug;
		};
		OBJ_339 /* Debug */ = {
			isa = XCBuildConfiguration;
			buildSettings = {
				LD = /usr/bin/true;
				OTHER_SWIFT_FLAGS = "-swift-version 5 -I $(TOOLCHAIN_DIR)/usr/lib/swift/pm/4_2 -target x86_64-apple-macosx10.10 -sdk /Applications/Xcode.app/Contents/Developer/Platforms/MacOSX.platform/Developer/SDKs/MacOSX10.15.sdk -package-description-version 5.1";
				SWIFT_VERSION = 5.0;
			};
			name = Debug;
		};
		OBJ_340 /* Release */ = {
			isa = XCBuildConfiguration;
			buildSettings = {
				LD = /usr/bin/true;
				OTHER_SWIFT_FLAGS = "-swift-version 5 -I $(TOOLCHAIN_DIR)/usr/lib/swift/pm/4_2 -target x86_64-apple-macosx10.10 -sdk /Applications/Xcode.app/Contents/Developer/Platforms/MacOSX.platform/Developer/SDKs/MacOSX10.15.sdk -package-description-version 5.1";
				SWIFT_VERSION = 5.0;
			};
			name = Release;
		};
		OBJ_345 /* Debug */ = {
			isa = XCBuildConfiguration;
			buildSettings = {
			};
			name = Debug;
		};
		OBJ_346 /* Release */ = {
			isa = XCBuildConfiguration;
			buildSettings = {
			};
			name = Release;
		};
		OBJ_350 /* Debug */ = {
			isa = XCBuildConfiguration;
			buildSettings = {
				CLANG_ENABLE_MODULES = YES;
				EMBEDDED_CONTENT_CONTAINS_SWIFT = YES;
				FRAMEWORK_SEARCH_PATHS = (
					"$(inherited)",
					"$(PLATFORM_DIR)/Developer/Library/Frameworks",
				);
				HEADER_SEARCH_PATHS = (
					"$(inherited)",
					"$(SRCROOT)/.build/checkouts/swift-nio-zlib-support",
				);
				INFOPLIST_FILE = CrowdinSDK.xcodeproj/CrowdinSDKTests_Info.plist;
				IPHONEOS_DEPLOYMENT_TARGET = 9.0;
				LD_RUNPATH_SEARCH_PATHS = "$(inherited) @loader_path/../Frameworks @loader_path/Frameworks";
				MACOSX_DEPLOYMENT_TARGET = 10.10;
				OTHER_CFLAGS = "$(inherited)";
				OTHER_LDFLAGS = (
					"$(inherited)",
					"-lz",
				);
				OTHER_SWIFT_FLAGS = "$(inherited)";
				SWIFT_ACTIVE_COMPILATION_CONDITIONS = "$(inherited)";
				SWIFT_VERSION = 5.0;
				TARGET_NAME = CrowdinSDKTests;
				TVOS_DEPLOYMENT_TARGET = 9.0;
				WATCHOS_DEPLOYMENT_TARGET = 2.0;
			};
			name = Debug;
		};
		OBJ_351 /* Release */ = {
			isa = XCBuildConfiguration;
			buildSettings = {
				CLANG_ENABLE_MODULES = YES;
				EMBEDDED_CONTENT_CONTAINS_SWIFT = YES;
				FRAMEWORK_SEARCH_PATHS = (
					"$(inherited)",
					"$(PLATFORM_DIR)/Developer/Library/Frameworks",
				);
				HEADER_SEARCH_PATHS = (
					"$(inherited)",
					"$(SRCROOT)/.build/checkouts/swift-nio-zlib-support",
				);
				INFOPLIST_FILE = CrowdinSDK.xcodeproj/CrowdinSDKTests_Info.plist;
				IPHONEOS_DEPLOYMENT_TARGET = 9.0;
				LD_RUNPATH_SEARCH_PATHS = "$(inherited) @loader_path/../Frameworks @loader_path/Frameworks";
				MACOSX_DEPLOYMENT_TARGET = 10.10;
				OTHER_CFLAGS = "$(inherited)";
				OTHER_LDFLAGS = (
					"$(inherited)",
					"-lz",
				);
				OTHER_SWIFT_FLAGS = "$(inherited)";
				SWIFT_ACTIVE_COMPILATION_CONDITIONS = "$(inherited)";
				SWIFT_VERSION = 5.0;
				TARGET_NAME = CrowdinSDKTests;
				TVOS_DEPLOYMENT_TARGET = 9.0;
				WATCHOS_DEPLOYMENT_TARGET = 2.0;
			};
			name = Release;
		};
		OBJ_368 /* Debug */ = {
			isa = XCBuildConfiguration;
			buildSettings = {
				ENABLE_TESTABILITY = YES;
				FRAMEWORK_SEARCH_PATHS = (
					"$(inherited)",
					"$(PLATFORM_DIR)/Developer/Library/Frameworks",
				);
				HEADER_SEARCH_PATHS = (
					"$(inherited)",
					"$(SRCROOT)/.build/checkouts/swift-nio-zlib-support",
				);
				INFOPLIST_FILE = CrowdinSDK.xcodeproj/Starscream_Info.plist;
				IPHONEOS_DEPLOYMENT_TARGET = 8.0;
				LD_RUNPATH_SEARCH_PATHS = "$(inherited) $(TOOLCHAIN_DIR)/usr/lib/swift/macosx";
				OTHER_CFLAGS = "$(inherited)";
				OTHER_LDFLAGS = (
					"$(inherited)",
					"-lz",
				);
				OTHER_SWIFT_FLAGS = "$(inherited)";
				PRODUCT_BUNDLE_IDENTIFIER = Starscream;
				PRODUCT_MODULE_NAME = "$(TARGET_NAME:c99extidentifier)";
				PRODUCT_NAME = "$(TARGET_NAME:c99extidentifier)";
				SKIP_INSTALL = YES;
				SWIFT_ACTIVE_COMPILATION_CONDITIONS = "$(inherited)";
				SWIFT_VERSION = 4.2;
				TARGET_NAME = Starscream;
			};
			name = Debug;
		};
		OBJ_369 /* Release */ = {
			isa = XCBuildConfiguration;
			buildSettings = {
				ENABLE_TESTABILITY = YES;
				FRAMEWORK_SEARCH_PATHS = (
					"$(inherited)",
					"$(PLATFORM_DIR)/Developer/Library/Frameworks",
				);
				HEADER_SEARCH_PATHS = (
					"$(inherited)",
					"$(SRCROOT)/.build/checkouts/swift-nio-zlib-support",
				);
				INFOPLIST_FILE = CrowdinSDK.xcodeproj/Starscream_Info.plist;
				IPHONEOS_DEPLOYMENT_TARGET = 8.0;
				LD_RUNPATH_SEARCH_PATHS = "$(inherited) $(TOOLCHAIN_DIR)/usr/lib/swift/macosx";
				OTHER_CFLAGS = "$(inherited)";
				OTHER_LDFLAGS = (
					"$(inherited)",
					"-lz",
				);
				OTHER_SWIFT_FLAGS = "$(inherited)";
				PRODUCT_BUNDLE_IDENTIFIER = Starscream;
				PRODUCT_MODULE_NAME = "$(TARGET_NAME:c99extidentifier)";
				PRODUCT_NAME = "$(TARGET_NAME:c99extidentifier)";
				SKIP_INSTALL = YES;
				SWIFT_ACTIVE_COMPILATION_CONDITIONS = "$(inherited)";
				SWIFT_VERSION = 4.2;
				TARGET_NAME = Starscream;
			};
			name = Release;
		};
		OBJ_378 /* Debug */ = {
			isa = XCBuildConfiguration;
			buildSettings = {
				LD = /usr/bin/true;
				OTHER_SWIFT_FLAGS = "-swift-version 4.2 -I $(TOOLCHAIN_DIR)/usr/lib/swift/pm/4_2 -target x86_64-apple-macosx10.10 -sdk /Applications/Xcode.app/Contents/Developer/Platforms/MacOSX.platform/Developer/SDKs/MacOSX10.15.sdk -package-description-version 4.2";
				SWIFT_VERSION = 4.2;
			};
			name = Debug;
		};
		OBJ_379 /* Release */ = {
			isa = XCBuildConfiguration;
			buildSettings = {
				LD = /usr/bin/true;
				OTHER_SWIFT_FLAGS = "-swift-version 4.2 -I $(TOOLCHAIN_DIR)/usr/lib/swift/pm/4_2 -target x86_64-apple-macosx10.10 -sdk /Applications/Xcode.app/Contents/Developer/Platforms/MacOSX.platform/Developer/SDKs/MacOSX10.15.sdk -package-description-version 4.2";
				SWIFT_VERSION = 4.2;
			};
			name = Release;
		};
		OBJ_4 /* Release */ = {
			isa = XCBuildConfiguration;
			buildSettings = {
				CLANG_ENABLE_OBJC_ARC = YES;
				COMBINE_HIDPI_IMAGES = YES;
				COPY_PHASE_STRIP = YES;
				DEBUG_INFORMATION_FORMAT = "dwarf-with-dsym";
				DYLIB_INSTALL_NAME_BASE = "@rpath";
				GCC_OPTIMIZATION_LEVEL = s;
				GCC_PREPROCESSOR_DEFINITIONS = (
					"$(inherited)",
					"SWIFT_PACKAGE=1",
				);
				MACOSX_DEPLOYMENT_TARGET = 10.10;
				OTHER_SWIFT_FLAGS = "$(inherited) -DXcode";
				PRODUCT_NAME = "$(TARGET_NAME)";
				SDKROOT = macosx;
				SUPPORTED_PLATFORMS = "macosx iphoneos iphonesimulator appletvos appletvsimulator watchos watchsimulator";
				SWIFT_ACTIVE_COMPILATION_CONDITIONS = "$(inherited) SWIFT_PACKAGE";
				SWIFT_OPTIMIZATION_LEVEL = "-Owholemodule";
				USE_HEADERMAP = NO;
			};
			name = Release;
		};
/* End XCBuildConfiguration section */

/* Begin XCConfigurationList section */
		OBJ_2 /* Build configuration list for PBXProject "CrowdinSDK" */ = {
			isa = XCConfigurationList;
			buildConfigurations = (
				OBJ_3 /* Debug */,
				OBJ_4 /* Release */,
			);
			defaultConfigurationIsVisible = 0;
			defaultConfigurationName = Release;
		};
		OBJ_214 /* Build configuration list for PBXNativeTarget "CrowdinSDK" */ = {
			isa = XCConfigurationList;
			buildConfigurations = (
				OBJ_215 /* Debug */,
				OBJ_216 /* Release */,
			);
			defaultConfigurationIsVisible = 0;
			defaultConfigurationName = Release;
		};
		OBJ_338 /* Build configuration list for PBXNativeTarget "CrowdinSDKPackageDescription" */ = {
			isa = XCConfigurationList;
			buildConfigurations = (
				OBJ_339 /* Debug */,
				OBJ_340 /* Release */,
			);
			defaultConfigurationIsVisible = 0;
			defaultConfigurationName = Release;
		};
		OBJ_344 /* Build configuration list for PBXAggregateTarget "CrowdinSDKPackageTests" */ = {
			isa = XCConfigurationList;
			buildConfigurations = (
				OBJ_345 /* Debug */,
				OBJ_346 /* Release */,
			);
			defaultConfigurationIsVisible = 0;
			defaultConfigurationName = Release;
		};
		OBJ_349 /* Build configuration list for PBXNativeTarget "CrowdinSDKTests" */ = {
			isa = XCConfigurationList;
			buildConfigurations = (
				OBJ_350 /* Debug */,
				OBJ_351 /* Release */,
			);
			defaultConfigurationIsVisible = 0;
			defaultConfigurationName = Release;
		};
		OBJ_367 /* Build configuration list for PBXNativeTarget "Starscream" */ = {
			isa = XCConfigurationList;
			buildConfigurations = (
				OBJ_368 /* Debug */,
				OBJ_369 /* Release */,
			);
			defaultConfigurationIsVisible = 0;
			defaultConfigurationName = Release;
		};
		OBJ_377 /* Build configuration list for PBXNativeTarget "StarscreamPackageDescription" */ = {
			isa = XCConfigurationList;
			buildConfigurations = (
				OBJ_378 /* Debug */,
				OBJ_379 /* Release */,
			);
			defaultConfigurationIsVisible = 0;
			defaultConfigurationName = Release;
		};
/* End XCConfigurationList section */
	};
	rootObject = OBJ_1 /* Project object */;
}
